{
  "version": 4,
  "terraform_version": "1.7.2",
  "serial": 12,
  "lineage": "15d4eeae-8fa6-15d4-d955-7d5b8e49329c",
  "outputs": {
    "cloud_sql_database_name": {
      "value": "learncrud",
      "type": "string"
    },
    "cloud_sql_db_user_name": {
      "value": "root",
      "type": "string"
    },
    "cloud_sql_instance_connection_name": {
      "value": "terraform-poc-project-413503:us-central1:my-instance",
      "type": "string"
    },
    "cloud_sql_instance_ip_address": {
      "value": "34.132.108.20",
      "type": "string"
    },
    "gke_cluster_access_token": {
      "value": "ya29.a0AfB_byAzjS9XQLTQUnQkiJKZ4uTcaPjiKAub-WnAncSdc6tWzqI1Pv-v6npge7xZEwPVMuadt-D1buCeRzLZLSITmF3Kwevcy4tRCw5AbbrdQaXDaMom2KiWRVW9Rf_MnOqebTFfiXvjsdNs8q80qxLC08xDaitwdpXp9AaCgYKAZASARASFQHGX2Mii6NAtOYUiBFNpRYtrv5HNw0173",
      "type": "string",
      "sensitive": true
    },
    "gke_cluster_ca_certificate": {
      "value": "LS0tLS1CRUdJTiBDRVJUSUZJQ0FURS0tLS0tCk1JSUVMVENDQXBXZ0F3SUJBZ0lSQU5FakQ4OElPVDE0K25PSTNuRnF5NGt3RFFZSktvWklodmNOQVFFTEJRQXcKTHpFdE1Dc0dBMVVFQXhNa1lXTXhPV1UzTURndFpHTXlNUzAwTkRWaExXRXdPRGt0WmpJNE56QTNNekk1TkdOagpNQ0FYRFRJME1ESXdPVEUyTXpjek4xb1lEekl3TlRRd01qQXhNVGN6TnpNM1dqQXZNUzB3S3dZRFZRUURFeVJoCll6RTVaVGN3T0Mxa1l6SXhMVFEwTldFdFlUQTRPUzFtTWpnM01EY3pNamswWTJNd2dnR2lNQTBHQ1NxR1NJYjMKRFFFQkFRVUFBNElCandBd2dnR0tBb0lCZ1FDZUtRa205Y1FxMWRzamtvZEpyUUpkR0FXQ2ZVa1pIRjFvaDczKwp2NitTa3FtRlVra3lnd2xvL3IrVXFPbStrQ3dQbHdTbWxqTzUvWTJnZEhPaTJQekhsdWdTcm5nb3NmSmcrVVZXCkFtSmpaRXNkNXVJeHRUdXFjeWp1Q0tFOFlpc1pVbk5YT3hJMDY2K1JBblEwKzdJZU5MdGk5TnJjOWFDNHZHemUKT0NlejNoeTVraDdlaFZoMjF5WXZqK3o5Z1dja0xzdU9XUWVGc2FPZ3B3bSsxc3NlQjRieUpxODJoeE45U1pGMApPb1EycEZzaVk5Z3ZYVVlmaUxHekdnTWprRXF2YUVCRUJQem1RcTlpeEIxOHhDNzdqYTU5ZGlXNDhqUnVoOURlCmpyMXkvWEJadjVyUm5nVmhlK2E0eVB6eGtzKzRNZi80NTJHL2tVWXpoK3BSMmpuRUtQSlZBZUVSMkJ6TFI4YzUKMGFXeFJhTTVwY1ExV20vaGJISUk1dzlxUWdyR2xPRlJwTlJMMWNaUlhsaVMzRGk0aS9yZk5ucjRLQmpZYnppTwpNbk40bjc5eDRMZHlTOTZKZ2pTczgzbE1mT1BHMWFhWFdlL2xzL29PU0xVb2ttV3FhS21VTnJuMEdiZmE3b2VtCkJjTkgwdmoyTDMrREhFbXIxeWdNNDBLQVo3a0NBd0VBQWFOQ01FQXdEZ1lEVlIwUEFRSC9CQVFEQWdJRU1BOEcKQTFVZEV3RUIvd1FGTUFNQkFmOHdIUVlEVlIwT0JCWUVGR3ltbGRKM3Y1VzY1cjZaMHo2VUdSV3VXTGN2TUEwRwpDU3FHU0liM0RRRUJDd1VBQTRJQmdRQkg1ZG45OERtSlgvYkVmRHpPL3B3SW1DS3hFeXZRL2RGMVNkZWlTaWZOCm5abXo5ZXI2WHN4N25Id1V2V1kvcDJIdjVFUkdCMjNvMFZFOUFQbjBJZWVxRExsVkxEeEdnaGdWQm9ldzZhR1QKaVhTVE03Q1Z6OUVqc25PZEswdTdaL0Vic1g4bk10RkdidkZBcnZLM01Gc29iTFh1N2drR2lXVjY5YXRVYXNrVQpSY3VJbkFzTUlhNjJORWx0RXA1K0s3cUUxbWZuaUxNdkpZbCtoV2tOZWVjUVU5YWJtSXkzaHNVTXF0aFlnemlLCjlRSXZtK2lHbSt4bHpuTklTR2dYTzhMRVNWNktCek0yRWJJSmlBaG1wRXB6QlRwV2VXMzRJRVRBOXVOT1Vxc3gKZHNIMy9majhwQlR0VWRWTDM1TjFXcTFNMVRIQ3BBTjI3RGFzR0N0VEY2eGZmTCswc0JwSDhsMmkwWWp0bUh3dgp0TDZzQWlJUzA0amVnYVJUT1d3RlM2bzFqSFBCbVBzVDUrc2lWZXY1TXJ0Y0UxSm9HZUFNaFBhbVUzSXg3SDB1CjA2ZjNySHZsWUlRV05LZDcvU1lVY0tjZ25qV1lvdWdDMVhFRkNZTzA5ZXhoMFVndXBiVnA4ZlpWL1hnUyszZW0KWXVoUnJ2TzVSRkxsSFEzUjI5Q2xFMHM9Ci0tLS0tRU5EIENFUlRJRklDQVRFLS0tLS0K",
      "type": "string"
    },
    "gke_cluster_endpoint": {
      "value": "34.16.120.107",
      "type": "string"
    },
    "k8s_deployment_name": {
      "value": "app-deployment",
      "type": "string"
    },
    "nginx_controller_ip": {
      "value": "104.197.222.42",
      "type": "string"
    },
    "persistent_disk_name": {
      "value": "test-disk",
      "type": "string"
    },
    "service_name": {
      "value": "app-service",
      "type": "string"
    },
    "vm_instance_name": {
      "value": "test-vm",
      "type": "string"
    }
  },
  "resources": [
    {
      "module": "module.cloud_sql",
      "mode": "managed",
      "type": "google_sql_database",
      "name": "database",
      "provider": "provider[\"registry.terraform.io/hashicorp/google\"]",
      "instances": [
        {
          "schema_version": 0,
          "attributes": {
            "charset": "utf8",
            "collation": "utf8_general_ci",
            "deletion_policy": "DELETE",
            "id": "projects/terraform-poc-project-413503/instances/my-instance/databases/learncrud",
            "instance": "my-instance",
            "name": "learncrud",
            "project": "terraform-poc-project-413503",
            "self_link": "https://sqladmin.googleapis.com/sql/v1beta4/projects/terraform-poc-project-413503/instances/my-instance/databases/learncrud",
            "timeouts": null
          },
          "sensitive_attributes": [],
          "private": "eyJlMmJmYjczMC1lY2FhLTExZTYtOGY4OC0zNDM2M2JjN2M0YzAiOnsiY3JlYXRlIjoxMjAwMDAwMDAwMDAwLCJkZWxldGUiOjEyMDAwMDAwMDAwMDAsInVwZGF0ZSI6MTIwMDAwMDAwMDAwMH19",
          "dependencies": [
            "module.cloud_sql.google_sql_database_instance.instance"
          ]
        }
      ]
    },
    {
      "module": "module.cloud_sql",
      "mode": "managed",
      "type": "google_sql_database_instance",
      "name": "instance",
      "provider": "provider[\"registry.terraform.io/hashicorp/google\"]",
      "instances": [
        {
          "schema_version": 0,
          "attributes": {
            "available_maintenance_versions": [],
            "clone": [],
            "connection_name": "terraform-poc-project-413503:us-central1:my-instance",
            "database_version": "MYSQL_5_7",
            "deletion_protection": false,
            "dns_name": "",
            "encryption_key_name": null,
            "first_ip_address": "34.132.108.20",
            "id": "my-instance",
            "instance_type": "CLOUD_SQL_INSTANCE",
            "ip_address": [
              {
                "ip_address": "34.132.108.20",
                "time_to_retire": "",
                "type": "PRIMARY"
              }
            ],
            "maintenance_version": "MYSQL_5_7_44.R20231105.01_03",
            "master_instance_name": "",
            "name": "my-instance",
            "private_ip_address": "",
            "project": "terraform-poc-project-413503",
            "psc_service_attachment_link": "",
            "public_ip_address": "34.132.108.20",
            "region": "us-central1",
            "replica_configuration": [],
            "restore_backup_context": [],
            "root_password": null,
            "self_link": "https://sqladmin.googleapis.com/sql/v1beta4/projects/terraform-poc-project-413503/instances/my-instance",
            "server_ca_cert": [
              {
                "cert": "-----BEGIN CERTIFICATE-----\nMIIDfzCCAmegAwIBAgIBADANBgkqhkiG9w0BAQsFADB3MS0wKwYDVQQuEyQwYjIy\nNWJmMy1lODVlLTRlMTItYTU1MC1kMjBkMGZhZDg1YTkxIzAhBgNVBAMTGkdvb2ds\nZSBDbG91ZCBTUUwgU2VydmVyIENBMRQwEgYDVQQKEwtHb29nbGUsIEluYzELMAkG\nA1UEBhMCVVMwHhcNMjQwMjA5MTczNzQ3WhcNMzQwMjA2MTczODQ3WjB3MS0wKwYD\nVQQuEyQwYjIyNWJmMy1lODVlLTRlMTItYTU1MC1kMjBkMGZhZDg1YTkxIzAhBgNV\nBAMTGkdvb2dsZSBDbG91ZCBTUUwgU2VydmVyIENBMRQwEgYDVQQKEwtHb29nbGUs\nIEluYzELMAkGA1UEBhMCVVMwggEiMA0GCSqGSIb3DQEBAQUAA4IBDwAwggEKAoIB\nAQCXJsuRmKLDuU99Qju6vAA1/BbTAc3TrrSByYUPsjDNkLXDcZYOZRLbsMJ5iwbX\npgSzYDuEhII0qaY66PmBscHpJgc+S0QlSjllBuOxCegeZNJUIBxh5O/ev/JZFIAX\nRNHbRYG7LIcIOXJQDHdFcdqynd5O2A1W90geTZEXlgHy1lOpFI35IWvpLvLt/XXF\nLg2J0UdT8Kv9uWCuEsw3WbCjmcLLiZZr+LoU4Rlo0oWBpAltNjCGz/UULUcrzZLd\nsKVfhYoGe5arOXGpO+O2h1scpP0O260VZlRyAYe4tHZ54+CBDBF6As6rnzR/xVeR\njE9yGwRPzFSB8VIus75xRtItAgMBAAGjFjAUMBIGA1UdEwEB/wQIMAYBAf8CAQAw\nDQYJKoZIhvcNAQELBQADggEBAD2PgWAwWmcCU/VruKBM1xmQp5u4QmMzohs9jIvP\nBgAf/O6j4eNzkxWyebIT0oZ4No4olfCsA91I1UUwqeJ9SRQ4YPofpfrrvKsw5A4X\nQ24K5RAbxtc2Q2hfsAC4hqx/Rnh+29bwO2W0eMf4N2xUoQ3tw2mn1ZTS/Wgb9ylQ\nVDgBhrlcwYtvzvc+/SMfRs1qhDEQ6hROLcHHTYzvIXP0Y8OlYcDvt2JVvEXHFKvy\n9vN+XdBljTbREtsgRAuGUFO8qgIuRyxPYeJXXGTvCensWl9+WpBiXwbyCBJ9GJfX\nyVOW+JFcNVskbdPjLN9ioRHyuIrjYjp9/15d7XIWdqfSK4U=\n-----END CERTIFICATE-----",
                "common_name": "C=US,O=Google\\, Inc,CN=Google Cloud SQL Server CA,dnQualifier=0b225bf3-e85e-4e12-a550-d20d0fad85a9",
                "create_time": "2024-02-09T17:37:47.532Z",
                "expiration_time": "2034-02-06T17:38:47.532Z",
                "sha1_fingerprint": "935f6f74a9cf29ff9cd59920a2decd6ffc918ee3"
              }
            ],
            "service_account_email_address": "p44824356023-nq3jft@gcp-sa-cloud-sql.iam.gserviceaccount.com",
            "settings": [
              {
                "activation_policy": "ALWAYS",
                "active_directory_config": [],
                "advanced_machine_features": [],
                "availability_type": "ZONAL",
                "backup_configuration": [
                  {
                    "backup_retention_settings": [
                      {
                        "retained_backups": 7,
                        "retention_unit": "COUNT"
                      }
                    ],
                    "binary_log_enabled": false,
                    "enabled": false,
                    "location": "",
                    "point_in_time_recovery_enabled": false,
                    "start_time": "00:00",
                    "transaction_log_retention_days": 7
                  }
                ],
                "collation": "",
                "connector_enforcement": "NOT_REQUIRED",
                "data_cache_config": [],
                "database_flags": [],
                "deletion_protection_enabled": false,
                "deny_maintenance_period": [],
                "disk_autoresize": true,
                "disk_autoresize_limit": 0,
                "disk_size": 100,
                "disk_type": "PD_SSD",
                "edition": "ENTERPRISE",
                "insights_config": [],
                "ip_configuration": [
                  {
                    "allocated_ip_range": "",
                    "authorized_networks": [],
                    "enable_private_path_for_google_cloud_services": false,
                    "ipv4_enabled": true,
                    "private_network": "",
                    "psc_config": [],
                    "require_ssl": false,
                    "ssl_mode": ""
                  }
                ],
                "location_preference": [
                  {
                    "follow_gae_application": "",
                    "secondary_zone": "",
                    "zone": "us-central1-c"
                  }
                ],
                "maintenance_window": [],
                "password_validation_policy": [],
                "pricing_plan": "PER_USE",
                "sql_server_audit_config": [],
                "tier": "db-n1-highmem-16",
                "time_zone": "",
                "user_labels": {},
                "version": 1
              }
            ],
            "timeouts": null
          },
          "sensitive_attributes": [],
          "private": "eyJlMmJmYjczMC1lY2FhLTExZTYtOGY4OC0zNDM2M2JjN2M0YzAiOnsiY3JlYXRlIjoyNDAwMDAwMDAwMDAwLCJkZWxldGUiOjE4MDAwMDAwMDAwMDAsInVwZGF0ZSI6MTgwMDAwMDAwMDAwMH19"
        }
      ]
    },
    {
      "module": "module.cloud_sql",
      "mode": "managed",
      "type": "google_sql_user",
      "name": "user",
      "provider": "provider[\"registry.terraform.io/hashicorp/google\"]",
      "instances": [
        {
          "schema_version": 1,
          "attributes": {
            "deletion_policy": null,
            "host": "",
            "id": "root//my-instance",
            "instance": "my-instance",
            "name": "root",
            "password": "root",
            "password_policy": [],
            "project": "terraform-poc-project-413503",
            "sql_server_user_details": [],
            "timeouts": null,
            "type": ""
          },
          "sensitive_attributes": [],
          "private": "eyJlMmJmYjczMC1lY2FhLTExZTYtOGY4OC0zNDM2M2JjN2M0YzAiOnsiY3JlYXRlIjo2MDAwMDAwMDAwMDAsImRlbGV0ZSI6NjAwMDAwMDAwMDAwLCJ1cGRhdGUiOjYwMDAwMDAwMDAwMH0sInNjaGVtYV92ZXJzaW9uIjoiMSJ9",
          "dependencies": [
            "module.cloud_sql.google_sql_database_instance.instance"
          ]
        }
      ]
    },
    {
      "module": "module.gke",
      "mode": "data",
      "type": "google_client_config",
      "name": "default",
      "provider": "provider[\"registry.terraform.io/hashicorp/google\"]",
      "instances": [
        {
          "schema_version": 0,
          "attributes": {
            "access_token": "ya29.a0AfB_byAzjS9XQLTQUnQkiJKZ4uTcaPjiKAub-WnAncSdc6tWzqI1Pv-v6npge7xZEwPVMuadt-D1buCeRzLZLSITmF3Kwevcy4tRCw5AbbrdQaXDaMom2KiWRVW9Rf_MnOqebTFfiXvjsdNs8q80qxLC08xDaitwdpXp9AaCgYKAZASARASFQHGX2Mii6NAtOYUiBFNpRYtrv5HNw0173",
            "id": "projects/\"terraform-poc-project-413503\"/regions/\"us-central1\"/zones/\"us-central1-a\"",
            "project": "terraform-poc-project-413503",
            "region": "us-central1",
            "zone": "us-central1-a"
          },
          "sensitive_attributes": []
        }
      ]
    },
    {
      "module": "module.gke",
      "mode": "managed",
      "type": "google_container_cluster",
      "name": "gke_cluster",
      "provider": "provider[\"registry.terraform.io/hashicorp/google\"]",
      "instances": [
        {
          "schema_version": 2,
          "attributes": {
            "addons_config": [
              {
                "cloudrun_config": [],
                "config_connector_config": [],
                "dns_cache_config": [],
                "gce_persistent_disk_csi_driver_config": [
                  {
                    "enabled": true
                  }
                ],
                "gcp_filestore_csi_driver_config": [],
                "gcs_fuse_csi_driver_config": [],
                "gke_backup_agent_config": [],
                "horizontal_pod_autoscaling": [],
                "http_load_balancing": [],
                "network_policy_config": [
                  {
                    "disabled": true
                  }
                ]
              }
            ],
            "allow_net_admin": null,
            "authenticator_groups_config": [],
            "binary_authorization": [
              {
                "enabled": false,
                "evaluation_mode": ""
              }
            ],
            "cluster_autoscaling": [
              {
                "auto_provisioning_defaults": [],
                "autoscaling_profile": "BALANCED",
                "enabled": false,
                "resource_limits": []
              }
            ],
            "cluster_ipv4_cidr": "10.8.0.0/14",
            "confidential_nodes": [],
            "cost_management_config": [],
            "database_encryption": [
              {
                "key_name": "",
                "state": "DECRYPTED"
              }
            ],
            "datapath_provider": "",
            "default_max_pods_per_node": 110,
            "default_snat_status": [
              {
                "disabled": false
              }
            ],
            "deletion_protection": false,
            "description": "",
            "dns_config": [],
            "enable_autopilot": false,
            "enable_intranode_visibility": false,
            "enable_k8s_beta_apis": [],
            "enable_kubernetes_alpha": false,
            "enable_l4_ilb_subsetting": false,
            "enable_legacy_abac": false,
            "enable_shielded_nodes": true,
            "enable_tpu": false,
            "endpoint": "34.16.120.107",
            "fleet": [],
            "gateway_api_config": [],
            "id": "projects/terraform-poc-project-413503/locations/us-central1-a/clusters/test-cluster",
            "identity_service_config": [],
            "initial_node_count": 1,
            "ip_allocation_policy": [
              {
                "additional_pod_ranges_config": [],
                "cluster_ipv4_cidr_block": "10.8.0.0/14",
                "cluster_secondary_range_name": "gke-test-cluster-pods-5f7ab7c8",
                "pod_cidr_overprovision_config": [
                  {
                    "disabled": false
                  }
                ],
                "services_ipv4_cidr_block": "10.12.0.0/20",
                "services_secondary_range_name": "gke-test-cluster-services-5f7ab7c8",
                "stack_type": "IPV4"
              }
            ],
            "label_fingerprint": "f046e655",
            "location": "us-central1-a",
            "logging_config": [
              {
                "enable_components": [
                  "SYSTEM_COMPONENTS",
                  "WORKLOADS"
                ]
              }
            ],
            "logging_service": "logging.googleapis.com/kubernetes",
            "maintenance_policy": [],
            "master_auth": [
              {
                "client_certificate": "",
                "client_certificate_config": [
                  {
                    "issue_client_certificate": false
                  }
                ],
                "client_key": "",
                "cluster_ca_certificate": "LS0tLS1CRUdJTiBDRVJUSUZJQ0FURS0tLS0tCk1JSUVMVENDQXBXZ0F3SUJBZ0lSQU5FakQ4OElPVDE0K25PSTNuRnF5NGt3RFFZSktvWklodmNOQVFFTEJRQXcKTHpFdE1Dc0dBMVVFQXhNa1lXTXhPV1UzTURndFpHTXlNUzAwTkRWaExXRXdPRGt0WmpJNE56QTNNekk1TkdOagpNQ0FYRFRJME1ESXdPVEUyTXpjek4xb1lEekl3TlRRd01qQXhNVGN6TnpNM1dqQXZNUzB3S3dZRFZRUURFeVJoCll6RTVaVGN3T0Mxa1l6SXhMVFEwTldFdFlUQTRPUzFtTWpnM01EY3pNamswWTJNd2dnR2lNQTBHQ1NxR1NJYjMKRFFFQkFRVUFBNElCandBd2dnR0tBb0lCZ1FDZUtRa205Y1FxMWRzamtvZEpyUUpkR0FXQ2ZVa1pIRjFvaDczKwp2NitTa3FtRlVra3lnd2xvL3IrVXFPbStrQ3dQbHdTbWxqTzUvWTJnZEhPaTJQekhsdWdTcm5nb3NmSmcrVVZXCkFtSmpaRXNkNXVJeHRUdXFjeWp1Q0tFOFlpc1pVbk5YT3hJMDY2K1JBblEwKzdJZU5MdGk5TnJjOWFDNHZHemUKT0NlejNoeTVraDdlaFZoMjF5WXZqK3o5Z1dja0xzdU9XUWVGc2FPZ3B3bSsxc3NlQjRieUpxODJoeE45U1pGMApPb1EycEZzaVk5Z3ZYVVlmaUxHekdnTWprRXF2YUVCRUJQem1RcTlpeEIxOHhDNzdqYTU5ZGlXNDhqUnVoOURlCmpyMXkvWEJadjVyUm5nVmhlK2E0eVB6eGtzKzRNZi80NTJHL2tVWXpoK3BSMmpuRUtQSlZBZUVSMkJ6TFI4YzUKMGFXeFJhTTVwY1ExV20vaGJISUk1dzlxUWdyR2xPRlJwTlJMMWNaUlhsaVMzRGk0aS9yZk5ucjRLQmpZYnppTwpNbk40bjc5eDRMZHlTOTZKZ2pTczgzbE1mT1BHMWFhWFdlL2xzL29PU0xVb2ttV3FhS21VTnJuMEdiZmE3b2VtCkJjTkgwdmoyTDMrREhFbXIxeWdNNDBLQVo3a0NBd0VBQWFOQ01FQXdEZ1lEVlIwUEFRSC9CQVFEQWdJRU1BOEcKQTFVZEV3RUIvd1FGTUFNQkFmOHdIUVlEVlIwT0JCWUVGR3ltbGRKM3Y1VzY1cjZaMHo2VUdSV3VXTGN2TUEwRwpDU3FHU0liM0RRRUJDd1VBQTRJQmdRQkg1ZG45OERtSlgvYkVmRHpPL3B3SW1DS3hFeXZRL2RGMVNkZWlTaWZOCm5abXo5ZXI2WHN4N25Id1V2V1kvcDJIdjVFUkdCMjNvMFZFOUFQbjBJZWVxRExsVkxEeEdnaGdWQm9ldzZhR1QKaVhTVE03Q1Z6OUVqc25PZEswdTdaL0Vic1g4bk10RkdidkZBcnZLM01Gc29iTFh1N2drR2lXVjY5YXRVYXNrVQpSY3VJbkFzTUlhNjJORWx0RXA1K0s3cUUxbWZuaUxNdkpZbCtoV2tOZWVjUVU5YWJtSXkzaHNVTXF0aFlnemlLCjlRSXZtK2lHbSt4bHpuTklTR2dYTzhMRVNWNktCek0yRWJJSmlBaG1wRXB6QlRwV2VXMzRJRVRBOXVOT1Vxc3gKZHNIMy9majhwQlR0VWRWTDM1TjFXcTFNMVRIQ3BBTjI3RGFzR0N0VEY2eGZmTCswc0JwSDhsMmkwWWp0bUh3dgp0TDZzQWlJUzA0amVnYVJUT1d3RlM2bzFqSFBCbVBzVDUrc2lWZXY1TXJ0Y0UxSm9HZUFNaFBhbVUzSXg3SDB1CjA2ZjNySHZsWUlRV05LZDcvU1lVY0tjZ25qV1lvdWdDMVhFRkNZTzA5ZXhoMFVndXBiVnA4ZlpWL1hnUyszZW0KWXVoUnJ2TzVSRkxsSFEzUjI5Q2xFMHM9Ci0tLS0tRU5EIENFUlRJRklDQVRFLS0tLS0K"
              }
            ],
            "master_authorized_networks_config": [],
            "master_version": "1.27.8-gke.1067004",
            "mesh_certificates": [],
            "min_master_version": null,
            "monitoring_config": [
              {
                "advanced_datapath_observability_config": [
                  {
                    "enable_metrics": false,
                    "relay_mode": ""
                  }
                ],
                "enable_components": [
                  "SYSTEM_COMPONENTS"
                ],
                "managed_prometheus": [
                  {
                    "enabled": true
                  }
                ]
              }
            ],
            "monitoring_service": "monitoring.googleapis.com/kubernetes",
            "name": "test-cluster",
            "network": "projects/terraform-poc-project-413503/global/networks/default",
            "network_policy": [
              {
                "enabled": false,
                "provider": "PROVIDER_UNSPECIFIED"
              }
            ],
            "networking_mode": "VPC_NATIVE",
            "node_config": [
              {
                "advanced_machine_features": [],
                "boot_disk_kms_key": "",
                "confidential_nodes": [],
                "disk_size_gb": 100,
                "disk_type": "pd-balanced",
                "effective_taints": [],
                "ephemeral_storage_local_ssd_config": [],
                "fast_socket": [],
                "gcfs_config": [],
                "guest_accelerator": [],
                "gvnic": [],
                "host_maintenance_policy": [],
                "image_type": "COS_CONTAINERD",
                "kubelet_config": [],
                "labels": {},
                "linux_node_config": [],
                "local_nvme_ssd_block_config": [],
                "local_ssd_count": 0,
                "logging_variant": "DEFAULT",
                "machine_type": "e2-medium",
                "metadata": {
                  "disable-legacy-endpoints": "true"
                },
                "min_cpu_platform": "",
                "node_group": "",
                "oauth_scopes": [
                  "https://www.googleapis.com/auth/sqlservice.admin"
                ],
                "preemptible": false,
                "reservation_affinity": [],
                "resource_labels": null,
                "service_account": "default",
                "shielded_instance_config": [
                  {
                    "enable_integrity_monitoring": true,
                    "enable_secure_boot": false
                  }
                ],
                "sole_tenant_config": [],
                "spot": false,
                "tags": null,
                "taint": [],
                "workload_metadata_config": []
              }
            ],
            "node_locations": [],
            "node_pool": [
              {
                "autoscaling": [],
                "initial_node_count": 1,
                "instance_group_urls": [
                  "https://www.googleapis.com/compute/v1/projects/terraform-poc-project-413503/zones/us-central1-a/instanceGroupManagers/gke-test-cluster-default-pool-f4607a4f-grp"
                ],
                "managed_instance_group_urls": [
                  "https://www.googleapis.com/compute/v1/projects/terraform-poc-project-413503/zones/us-central1-a/instanceGroups/gke-test-cluster-default-pool-f4607a4f-grp"
                ],
                "management": [
                  {
                    "auto_repair": true,
                    "auto_upgrade": true
                  }
                ],
                "max_pods_per_node": 110,
                "name": "default-pool",
                "name_prefix": "",
                "network_config": [
                  {
                    "create_pod_range": false,
                    "enable_private_nodes": false,
                    "network_performance_config": [],
                    "pod_cidr_overprovision_config": [],
                    "pod_ipv4_cidr_block": "10.8.0.0/14",
                    "pod_range": "gke-test-cluster-pods-5f7ab7c8"
                  }
                ],
                "node_config": [
                  {
                    "advanced_machine_features": [],
                    "boot_disk_kms_key": "",
                    "confidential_nodes": [],
                    "disk_size_gb": 100,
                    "disk_type": "pd-balanced",
                    "effective_taints": [],
                    "ephemeral_storage_local_ssd_config": [],
                    "fast_socket": [],
                    "gcfs_config": [],
                    "guest_accelerator": [],
                    "gvnic": [],
                    "host_maintenance_policy": [],
                    "image_type": "COS_CONTAINERD",
                    "kubelet_config": [],
                    "labels": {},
                    "linux_node_config": [],
                    "local_nvme_ssd_block_config": [],
                    "local_ssd_count": 0,
                    "logging_variant": "DEFAULT",
                    "machine_type": "e2-medium",
                    "metadata": {
                      "disable-legacy-endpoints": "true"
                    },
                    "min_cpu_platform": "",
                    "node_group": "",
                    "oauth_scopes": [
                      "https://www.googleapis.com/auth/logging.write",
                      "https://www.googleapis.com/auth/monitoring",
                      "https://www.googleapis.com/auth/sqlservice.admin"
                    ],
                    "preemptible": false,
                    "reservation_affinity": [],
                    "resource_labels": {},
                    "service_account": "default",
                    "shielded_instance_config": [
                      {
                        "enable_integrity_monitoring": true,
                        "enable_secure_boot": false
                      }
                    ],
                    "sole_tenant_config": [],
                    "spot": false,
                    "tags": [],
                    "taint": [],
                    "workload_metadata_config": []
                  }
                ],
                "node_count": 1,
                "node_locations": [
                  "us-central1-a"
                ],
                "placement_policy": [],
                "upgrade_settings": [
                  {
                    "blue_green_settings": [],
                    "max_surge": 1,
                    "max_unavailable": 0,
                    "strategy": "SURGE"
                  }
                ],
                "version": "1.27.8-gke.1067004"
              }
            ],
            "node_pool_auto_config": [],
            "node_pool_defaults": [
              {
                "node_config_defaults": [
                  {
                    "logging_variant": "DEFAULT"
                  }
                ]
              }
            ],
            "node_version": "1.27.8-gke.1067004",
            "notification_config": [
              {
                "pubsub": [
                  {
                    "enabled": false,
                    "filter": [],
                    "topic": ""
                  }
                ]
              }
            ],
            "operation": null,
            "private_cluster_config": [
              {
                "enable_private_endpoint": false,
                "enable_private_nodes": false,
                "master_global_access_config": [
                  {
                    "enabled": false
                  }
                ],
                "master_ipv4_cidr_block": "",
                "peering_name": "",
                "private_endpoint": "10.128.0.50",
                "private_endpoint_subnetwork": "",
                "public_endpoint": "34.16.120.107"
              }
            ],
            "private_ipv6_google_access": "",
            "project": "terraform-poc-project-413503",
            "release_channel": [
              {
                "channel": "REGULAR"
              }
            ],
            "remove_default_node_pool": null,
            "resource_labels": {
              "app": "test"
            },
            "resource_usage_export_config": [],
            "security_posture_config": [
              {
                "mode": "BASIC",
                "vulnerability_mode": "VULNERABILITY_MODE_UNSPECIFIED"
              }
            ],
            "self_link": "https://container.googleapis.com/v1/projects/terraform-poc-project-413503/zones/us-central1-a/clusters/test-cluster",
            "service_external_ips_config": [
              {
                "enabled": false
              }
            ],
            "services_ipv4_cidr": "10.12.0.0/20",
            "subnetwork": "projects/terraform-poc-project-413503/regions/us-central1/subnetworks/default",
            "timeouts": null,
            "tpu_ipv4_cidr_block": "",
            "vertical_pod_autoscaling": [],
            "workload_identity_config": []
          },
          "sensitive_attributes": [],
          "private": "eyJlMmJmYjczMC1lY2FhLTExZTYtOGY4OC0zNDM2M2JjN2M0YzAiOnsiY3JlYXRlIjoyNDAwMDAwMDAwMDAwLCJkZWxldGUiOjI0MDAwMDAwMDAwMDAsInJlYWQiOjI0MDAwMDAwMDAwMDAsInVwZGF0ZSI6MzYwMDAwMDAwMDAwMH0sInNjaGVtYV92ZXJzaW9uIjoiMiJ9"
        }
      ]
    },
    {
      "module": "module.k8s_deployment",
      "mode": "managed",
      "type": "kubernetes_deployment",
      "name": "app",
      "provider": "provider[\"registry.terraform.io/hashicorp/kubernetes\"]",
      "instances": [
        {
          "schema_version": 1,
          "attributes": {
            "id": "default/app-deployment",
            "metadata": [
              {
                "annotations": null,
                "generate_name": "",
                "generation": 1,
                "labels": null,
                "name": "app-deployment",
                "namespace": "default",
                "resource_version": "1631",
                "uid": "36d65d39-e65c-4fd9-bad3-e4dec54ac8c0"
              }
            ],
            "spec": [
              {
                "min_ready_seconds": 0,
                "paused": false,
                "progress_deadline_seconds": 600,
                "replicas": "1",
                "revision_history_limit": 10,
                "selector": [
                  {
                    "match_expressions": [],
                    "match_labels": {
                      "App": "app"
                    }
                  }
                ],
                "strategy": [
                  {
                    "rolling_update": [
                      {
                        "max_surge": "25%",
                        "max_unavailable": "25%"
                      }
                    ],
                    "type": "RollingUpdate"
                  }
                ],
                "template": [
                  {
                    "metadata": [
                      {
                        "annotations": null,
                        "generate_name": "",
                        "generation": 0,
                        "labels": {
                          "App": "app"
                        },
                        "name": "",
                        "namespace": "",
                        "resource_version": "",
                        "uid": ""
                      }
                    ],
                    "spec": [
                      {
                        "active_deadline_seconds": 0,
                        "affinity": [],
                        "automount_service_account_token": true,
                        "container": [
                          {
                            "args": null,
                            "command": null,
                            "env": [
                              {
                                "name": "MYSQL_HOST",
                                "value": "127.0.0.1:3306",
                                "value_from": []
                              },
                              {
                                "name": "MYSQL_USER",
                                "value": "",
                                "value_from": [
                                  {
                                    "config_map_key_ref": [],
                                    "field_ref": [],
                                    "resource_field_ref": [],
                                    "secret_key_ref": [
                                      {
                                        "key": "MYSQL_USER",
                                        "name": "db-credentials",
                                        "optional": false
                                      }
                                    ]
                                  }
                                ]
                              },
                              {
                                "name": "MYSQL_PWD",
                                "value": "",
                                "value_from": [
                                  {
                                    "config_map_key_ref": [],
                                    "field_ref": [],
                                    "resource_field_ref": [],
                                    "secret_key_ref": [
                                      {
                                        "key": "MYSQL_PWD",
                                        "name": "db-credentials",
                                        "optional": false
                                      }
                                    ]
                                  }
                                ]
                              },
                              {
                                "name": "DB_NAME",
                                "value": "learncrud",
                                "value_from": []
                              }
                            ],
                            "env_from": [],
                            "image": "us-central1-docker.pkg.dev/terraform-poc-project-413503/emp-app/emp_mng_system:v1",
                            "image_pull_policy": "IfNotPresent",
                            "lifecycle": [],
                            "liveness_probe": [],
                            "name": "app",
                            "port": [],
                            "readiness_probe": [],
                            "resources": [
                              {
                                "limits": {},
                                "requests": {}
                              }
                            ],
                            "security_context": [],
                            "startup_probe": [],
                            "stdin": false,
                            "stdin_once": false,
                            "termination_message_path": "/dev/termination-log",
                            "termination_message_policy": "File",
                            "tty": false,
                            "volume_mount": [],
                            "working_dir": ""
                          },
                          {
                            "args": null,
                            "command": [
                              "/cloud_sql_proxy",
                              "-instances=terraform-poc-project-413503:us-central1:my-instance=tcp:3306"
                            ],
                            "env": [],
                            "env_from": [],
                            "image": "gcr.io/cloudsql-docker/gce-proxy:1.16",
                            "image_pull_policy": "IfNotPresent",
                            "lifecycle": [],
                            "liveness_probe": [],
                            "name": "cloud-sql-proxy",
                            "port": [],
                            "readiness_probe": [],
                            "resources": [
                              {
                                "limits": {},
                                "requests": {}
                              }
                            ],
                            "security_context": [
                              {
                                "allow_privilege_escalation": true,
                                "capabilities": [],
                                "privileged": false,
                                "read_only_root_filesystem": false,
                                "run_as_group": "",
                                "run_as_non_root": false,
                                "run_as_user": "2",
                                "se_linux_options": [],
                                "seccomp_profile": []
                              }
                            ],
                            "startup_probe": [],
                            "stdin": false,
                            "stdin_once": false,
                            "termination_message_path": "/dev/termination-log",
                            "termination_message_policy": "File",
                            "tty": false,
                            "volume_mount": [],
                            "working_dir": ""
                          }
                        ],
                        "dns_config": [],
                        "dns_policy": "ClusterFirst",
                        "enable_service_links": true,
                        "host_aliases": [],
                        "host_ipc": false,
                        "host_network": false,
                        "host_pid": false,
                        "hostname": "",
                        "image_pull_secrets": [],
                        "init_container": [],
                        "node_name": "",
                        "node_selector": null,
                        "os": [],
                        "priority_class_name": "",
                        "readiness_gate": [],
                        "restart_policy": "Always",
                        "runtime_class_name": "",
                        "scheduler_name": "default-scheduler",
                        "security_context": [],
                        "service_account_name": "",
                        "share_process_namespace": false,
                        "subdomain": "",
                        "termination_grace_period_seconds": 30,
                        "toleration": [],
                        "topology_spread_constraint": [],
                        "volume": []
                      }
                    ]
                  }
                ]
              }
            ],
            "timeouts": null,
            "wait_for_rollout": true
          },
          "sensitive_attributes": [],
          "private": "eyJlMmJmYjczMC1lY2FhLTExZTYtOGY4OC0zNDM2M2JjN2M0YzAiOnsiY3JlYXRlIjo2MDAwMDAwMDAwMDAsImRlbGV0ZSI6NjAwMDAwMDAwMDAwLCJ1cGRhdGUiOjYwMDAwMDAwMDAwMH0sInNjaGVtYV92ZXJzaW9uIjoiMSJ9",
          "dependencies": [
            "module.cloud_sql.google_sql_database_instance.instance",
            "module.gke.data.google_client_config.default",
            "module.gke.google_container_cluster.gke_cluster",
            "module.k8s_deployment.kubernetes_secret.db_credentials"
          ]
        }
      ]
    },
    {
      "module": "module.k8s_deployment",
      "mode": "managed",
      "type": "kubernetes_secret",
      "name": "db_credentials",
      "provider": "provider[\"registry.terraform.io/hashicorp/kubernetes\"]",
      "instances": [
        {
          "schema_version": 0,
          "attributes": {
            "binary_data": null,
            "data": {
              "MYSQL_PWD": "root",
              "MYSQL_USER": "root"
            },
            "id": "default/db-credentials",
            "immutable": false,
            "metadata": [
              {
                "annotations": null,
                "generate_name": "",
                "generation": 0,
                "labels": null,
                "name": "db-credentials",
                "namespace": "default",
                "resource_version": "1353",
                "uid": "121b0339-f9f6-44dd-b6c9-595773adb575"
              }
            ],
            "timeouts": null,
            "type": "Opaque",
            "wait_for_service_account_token": true
          },
          "sensitive_attributes": [],
          "private": "eyJlMmJmYjczMC1lY2FhLTExZTYtOGY4OC0zNDM2M2JjN2M0YzAiOnsiY3JlYXRlIjo2MDAwMDAwMDAwMH19",
          "dependencies": [
            "module.gke.data.google_client_config.default",
            "module.gke.google_container_cluster.gke_cluster"
          ]
        }
      ]
    },
    {
      "module": "module.k8s_service",
      "mode": "managed",
      "type": "kubernetes_service",
      "name": "app_service",
      "provider": "provider[\"registry.terraform.io/hashicorp/kubernetes\"]",
      "instances": [
        {
          "schema_version": 1,
          "attributes": {
            "id": "default/app-service",
            "metadata": [
              {
                "annotations": {
                  "cloud.google.com/neg": "{\"ingress\":true}"
                },
                "generate_name": "",
                "generation": 0,
                "labels": null,
                "name": "app-service",
                "namespace": "default",
                "resource_version": "1771",
                "uid": "b2482b48-29ab-4fd4-82f2-334930672f91"
              }
            ],
            "spec": [
              {
                "allocate_load_balancer_node_ports": true,
                "cluster_ip": "10.12.5.97",
                "cluster_ips": [
                  "10.12.5.97"
                ],
                "external_ips": null,
                "external_name": "",
                "external_traffic_policy": "Cluster",
                "health_check_node_port": 0,
                "internal_traffic_policy": "Cluster",
                "ip_families": [
                  "IPv4"
                ],
                "ip_family_policy": "SingleStack",
                "load_balancer_class": "",
                "load_balancer_ip": "",
                "load_balancer_source_ranges": null,
                "port": [
                  {
                    "app_protocol": "",
                    "name": "",
                    "node_port": 30159,
                    "port": 80,
                    "protocol": "TCP",
                    "target_port": "8080"
                  }
                ],
                "publish_not_ready_addresses": false,
                "selector": {
                  "App": "app"
                },
                "session_affinity": "None",
                "session_affinity_config": [],
                "type": "LoadBalancer"
              }
            ],
            "status": [
              {
                "load_balancer": [
                  {
                    "ingress": [
                      {
                        "hostname": "",
                        "ip": "35.192.80.96"
                      }
                    ]
                  }
                ]
              }
            ],
            "timeouts": null,
            "wait_for_load_balancer": true
          },
          "sensitive_attributes": [],
          "private": "eyJlMmJmYjczMC1lY2FhLTExZTYtOGY4OC0zNDM2M2JjN2M0YzAiOnsiY3JlYXRlIjo2MDAwMDAwMDAwMDB9LCJzY2hlbWFfdmVyc2lvbiI6IjEifQ==",
          "dependencies": [
            "module.gke.data.google_client_config.default",
            "module.gke.google_container_cluster.gke_cluster"
          ]
        }
      ]
    },
    {
      "module": "module.nginx_ingress",
      "mode": "managed",
      "type": "google_compute_address",
      "name": "ingress_ip_address",
      "provider": "provider[\"registry.terraform.io/hashicorp/google\"]",
      "instances": [
        {
          "schema_version": 0,
          "attributes": {
            "address": "104.197.222.42",
            "address_type": "EXTERNAL",
            "creation_timestamp": "2024-02-09T09:37:37.123-08:00",
            "description": "",
            "effective_labels": {},
            "id": "projects/terraform-poc-project-413503/regions/us-central1/addresses/nginx-controller",
            "ip_version": "",
            "ipv6_endpoint_type": "",
            "label_fingerprint": "42WmSpB8rSM=",
            "labels": null,
            "name": "nginx-controller",
            "network": "",
            "network_tier": "PREMIUM",
            "prefix_length": 0,
            "project": "terraform-poc-project-413503",
            "purpose": "",
            "region": "us-central1",
            "self_link": "https://www.googleapis.com/compute/v1/projects/terraform-poc-project-413503/regions/us-central1/addresses/nginx-controller",
            "subnetwork": "",
            "terraform_labels": {},
            "timeouts": null,
            "users": []
          },
          "sensitive_attributes": [],
          "private": "eyJlMmJmYjczMC1lY2FhLTExZTYtOGY4OC0zNDM2M2JjN2M0YzAiOnsiY3JlYXRlIjoxMjAwMDAwMDAwMDAwLCJkZWxldGUiOjEyMDAwMDAwMDAwMDAsInVwZGF0ZSI6MTIwMDAwMDAwMDAwMH19"
        }
      ]
    },
    {
      "module": "module.vm",
      "mode": "managed",
      "type": "google_compute_instance",
      "name": "vm_instance",
      "provider": "provider[\"registry.terraform.io/hashicorp/google\"]",
      "instances": [
        {
          "schema_version": 6,
          "attributes": {
            "advanced_machine_features": [],
            "allow_stopping_for_update": null,
            "attached_disk": [],
            "boot_disk": [
              {
                "auto_delete": true,
                "device_name": "persistent-disk-0",
                "disk_encryption_key_raw": "",
                "disk_encryption_key_sha256": "",
                "initialize_params": [
                  {
                    "enable_confidential_compute": false,
                    "image": "https://www.googleapis.com/compute/v1/projects/debian-cloud/global/images/debian-10-buster-v20240110",
                    "labels": {},
                    "provisioned_iops": 0,
                    "provisioned_throughput": 0,
                    "resource_manager_tags": null,
                    "size": 10,
                    "type": "pd-standard"
                  }
                ],
                "kms_key_self_link": "",
                "mode": "READ_WRITE",
                "source": "https://www.googleapis.com/compute/v1/projects/terraform-poc-project-413503/zones/us-central1-a/disks/test-vm"
              }
            ],
            "can_ip_forward": false,
            "confidential_instance_config": [],
            "cpu_platform": "AMD Rome",
            "current_status": "RUNNING",
            "deletion_protection": false,
            "description": "",
            "desired_status": null,
            "effective_labels": {},
            "enable_display": false,
            "guest_accelerator": [],
            "hostname": "",
            "id": "projects/terraform-poc-project-413503/zones/us-central1-a/instances/test-vm",
            "instance_id": "5578922500696038414",
            "label_fingerprint": "42WmSpB8rSM=",
            "labels": null,
            "machine_type": "e2-micro",
            "metadata": null,
            "metadata_fingerprint": "mm3brh0s--o=",
            "metadata_startup_script": null,
            "min_cpu_platform": "",
            "name": "test-vm",
            "network_interface": [
              {
                "access_config": [
                  {
                    "nat_ip": "104.154.70.112",
                    "network_tier": "PREMIUM",
                    "public_ptr_domain_name": ""
                  }
                ],
                "alias_ip_range": [],
                "internal_ipv6_prefix_length": 0,
                "ipv6_access_config": [],
                "ipv6_access_type": "",
                "ipv6_address": "",
                "name": "nic0",
                "network": "https://www.googleapis.com/compute/v1/projects/terraform-poc-project-413503/global/networks/default",
                "network_ip": "10.128.0.49",
                "nic_type": "",
                "queue_count": 0,
                "stack_type": "IPV4_ONLY",
                "subnetwork": "https://www.googleapis.com/compute/v1/projects/terraform-poc-project-413503/regions/us-central1/subnetworks/default",
                "subnetwork_project": "terraform-poc-project-413503"
              }
            ],
            "network_performance_config": [],
            "params": [],
            "project": "terraform-poc-project-413503",
            "reservation_affinity": [],
            "resource_policies": null,
            "scheduling": [
              {
                "automatic_restart": true,
                "instance_termination_action": "",
                "local_ssd_recovery_timeout": [],
                "min_node_cpus": 0,
                "node_affinities": [],
                "on_host_maintenance": "MIGRATE",
                "preemptible": false,
                "provisioning_model": "STANDARD"
              }
            ],
            "scratch_disk": [],
            "self_link": "https://www.googleapis.com/compute/v1/projects/terraform-poc-project-413503/zones/us-central1-a/instances/test-vm",
            "service_account": [],
            "shielded_instance_config": [
              {
                "enable_integrity_monitoring": true,
                "enable_secure_boot": false,
                "enable_vtpm": true
              }
            ],
            "tags": null,
            "tags_fingerprint": "42WmSpB8rSM=",
            "terraform_labels": {},
            "timeouts": null,
            "zone": "us-central1-a"
          },
          "sensitive_attributes": [],
          "private": "eyJlMmJmYjczMC1lY2FhLTExZTYtOGY4OC0zNDM2M2JjN2M0YzAiOnsiY3JlYXRlIjoxMjAwMDAwMDAwMDAwLCJkZWxldGUiOjEyMDAwMDAwMDAwMDAsInVwZGF0ZSI6MTIwMDAwMDAwMDAwMH0sInNjaGVtYV92ZXJzaW9uIjoiNiJ9"
        }
      ]
    }
  ],
  "check_results": null
}
