{
  "version": 4,
  "terraform_version": "1.7.2",
  "serial": 7,
  "lineage": "6cbe47dc-5681-0c07-38eb-f4b99516933e",
  "outputs": {
    "gke_cluster_access_token": {
      "value": "ya29.a0AfB_byD-EWLfOvxAbOa8WWNwL6K7jMI3TIFZNooxZuTY6I-2tOQMTXIU8avC55IUaWIHOm03ZvJwPKiPMECo8Q1Hvsz80tuZVBczm3YVjYPSvKUZ6K5MP2lSo5VZuTe9y2HNuKYY2UFGl8VqIouAlBENj6X8n1t6y47NdQaCgYKAZwSARASFQHGX2MiEAdnaeACkGXM4qE8-gF4OA0173",
      "type": "string",
      "sensitive": true
    },
    "gke_cluster_ca_certificate": {
      "value": "LS0tLS1CRUdJTiBDRVJUSUZJQ0FURS0tLS0tCk1JSUVMRENDQXBTZ0F3SUJBZ0lRTjh2TyttRk5SUjVxUU5WNUZHNmtLVEFOQmdrcWhraUc5dzBCQVFzRkFEQXYKTVMwd0t3WURWUVFERXlRMk9XVTBaVE5oTmkxaU9UazRMVFEyTkdZdFlXSmxOaTB6T0dJM1lXTTJZelZqTkRVdwpJQmNOTWpRd01qRXpNREF6TmpVeldoZ1BNakExTkRBeU1EVXdNVE0yTlROYU1DOHhMVEFyQmdOVkJBTVRKRFk1ClpUUmxNMkUyTFdJNU9UZ3RORFkwWmkxaFltVTJMVE00WWpkaFl6WmpOV00wTlRDQ0FhSXdEUVlKS29aSWh2Y04KQVFFQkJRQURnZ0dQQURDQ0FZb0NnZ0dCQUxVaVExcktIR1lWQlpqeURPV1M3VUNra1l1emRkUWxsdWNnellFUQpPb3ZyOXhuUUtpdXJnYWxXSXIvM0pGNC93NnQzK0RZSjlEamRWRFlZSXAzUjUrV2Q3M1lLWi9ublIzY0FBRUJlCmZJVnQ0ZlB0ekVDRkxETUZSbGJFWXJ3VGExakFCdEtTZnR4YXNjTEw4TXhiaEFzeE82MVBEdjVlVmtBK0ZYaksKSjdhQjRmS1RhdlFzNTI1ZXZaMkFNU1JaNS9hZzg2WEZ3aWZDVk42cDVxOS9JOVNUS2F0R0tNK3NSdWdPYXduZwpkTC9aMGRTUy9lZmhqSDhTYlR4ZDlnRE1kazFYaHhkSzh2bWV5UFNOY0IzdFZQbUhaMVNrN3dIVWc4WkhzT25WCitrRCtjZkZCdVJ1Z1Z0c2x2dDBqYU9HWklUTlJvYzVpNUdaMW0rWUs3YUYvUVZpaE15UElNRjJJQVdVYlBrSDgKQUp3MmFoOTVCeFhmdDl1enhEM1czQlBmRm9IS1pJY1Y1dG1aaHpKN3oyYnhpbTczMUgrTUorK3JlMDVHM0kvRAo0dlpBdVdnVWVYL0lySFEyNFpTekkxQ2hzNkUzVmNCejlrNEZiM0tPbmcydzlhVG9jMWUva1R5TkZsWlUwc3lPClJhaG5HR3FFbnVEeGxjZmJSeFEvL3VMNm1RSURBUUFCbzBJd1FEQU9CZ05WSFE4QkFmOEVCQU1DQWdRd0R3WUQKVlIwVEFRSC9CQVV3QXdFQi96QWRCZ05WSFE0RUZnUVVvNlRDUDFkbzBaN3grYUlJSERNZUJONlRDUUl3RFFZSgpLb1pJaHZjTkFRRUxCUUFEZ2dHQkFEc09FSW80RVVyd1c1WW1NbEpHTkJXSWlqQUluVlhnUDkzTnh4SjcrTTFrClBRY3g2RXFNZHNMNDM1Z0RMMXVqVElRVjcxYmFYUW5oYlcwNVFmVmpVWWprRlViMnZZczlJbnprdjZMN2lwQXEKRzNURk1yY3o5ODdFVVQzeDFNTG0rOEgwQU9ySC9Kb24wemd0ZnM1NzEvQ0tSaEJxOWpxVWxnK05ETVhnZ3pBcwowb2RHK2hXcGVCb1NzTkNuU01FUUxQYVdpMFliYk5kZytZblBqR3I1ZW9mYXhxZG5kNnk0K0dQVUxIRWRKZSsvClkwMnoxcTlUYkxiaFNpTnYzMCtySkhQN2c1VUd0cVRXWGlHM2V1SDJsU0RSdDZ0UEs4V0RKMTUrQmQ2OWU5RXgKZ0JycVRVZEozQWN5SlNia0xhbmgzdk96OEUxYzN2NWgzZDBIaHRDMHFnWks2OWV3V0FrK0MreWVzdnZuWC9QTQovTmxDN0U2VGJPSzVxcDBrNTd0QWxYQkk1OU1YVnVqZ2tPcWFwc3J4QXV5bWQ4dThsK21TSkNDMW9aOUwwTEVzCmk5OS9ENzAvNzZ1NFRQVXJmSkdOeC9TZmVZbG9mQVhJbjRuWW1UamViWVg4ZmRxcTFBa3lQdzdwK1h5SEhkWXoKMVcvNVB5Q1NaVCsvVmxIczhHemJpUT09Ci0tLS0tRU5EIENFUlRJRklDQVRFLS0tLS0K",
      "type": "string"
    },
    "gke_cluster_endpoint": {
      "value": "35.225.254.167",
      "type": "string"
    }
  },
  "resources": [
    {
      "module": "module.gke",
      "mode": "data",
      "type": "google_client_config",
      "name": "default",
      "provider": "provider[\"registry.terraform.io/hashicorp/google\"]",
      "instances": [
        {
          "schema_version": 0,
          "attributes": {
            "access_token": "ya29.a0AfB_byD-EWLfOvxAbOa8WWNwL6K7jMI3TIFZNooxZuTY6I-2tOQMTXIU8avC55IUaWIHOm03ZvJwPKiPMECo8Q1Hvsz80tuZVBczm3YVjYPSvKUZ6K5MP2lSo5VZuTe9y2HNuKYY2UFGl8VqIouAlBENj6X8n1t6y47NdQaCgYKAZwSARASFQHGX2MiEAdnaeACkGXM4qE8-gF4OA0173",
            "id": "projects/\"terraform-poc-project-413503\"/regions/\"us-central1\"/zones/\"us-central1-a\"",
            "project": "terraform-poc-project-413503",
            "region": "us-central1",
            "zone": "us-central1-a"
          },
          "sensitive_attributes": []
        }
      ]
    },
    {
      "module": "module.gke",
      "mode": "managed",
      "type": "google_container_cluster",
      "name": "gke_cluster",
      "provider": "provider[\"registry.terraform.io/hashicorp/google\"]",
      "instances": [
        {
          "schema_version": 2,
          "attributes": {
            "addons_config": [
              {
                "cloudrun_config": [],
                "config_connector_config": [],
                "dns_cache_config": [],
                "gce_persistent_disk_csi_driver_config": [
                  {
                    "enabled": true
                  }
                ],
                "gcp_filestore_csi_driver_config": [],
                "gcs_fuse_csi_driver_config": [],
                "gke_backup_agent_config": [],
                "horizontal_pod_autoscaling": [],
                "http_load_balancing": [],
                "network_policy_config": [
                  {
                    "disabled": true
                  }
                ]
              }
            ],
            "allow_net_admin": null,
            "authenticator_groups_config": [],
            "binary_authorization": [
              {
                "enabled": false,
                "evaluation_mode": ""
              }
            ],
            "cluster_autoscaling": [
              {
                "auto_provisioning_defaults": [],
                "autoscaling_profile": "BALANCED",
                "enabled": false,
                "resource_limits": []
              }
            ],
            "cluster_ipv4_cidr": "10.8.0.0/14",
            "confidential_nodes": [],
            "cost_management_config": [],
            "database_encryption": [
              {
                "key_name": "",
                "state": "DECRYPTED"
              }
            ],
            "datapath_provider": "",
            "default_max_pods_per_node": 110,
            "default_snat_status": [
              {
                "disabled": false
              }
            ],
            "deletion_protection": false,
            "description": "",
            "dns_config": [],
            "enable_autopilot": false,
            "enable_intranode_visibility": false,
            "enable_k8s_beta_apis": [],
            "enable_kubernetes_alpha": false,
            "enable_l4_ilb_subsetting": false,
            "enable_legacy_abac": false,
            "enable_shielded_nodes": true,
            "enable_tpu": false,
            "endpoint": "35.225.254.167",
            "fleet": [],
            "gateway_api_config": [],
            "id": "projects/terraform-poc-project-413503/locations/us-central1-a/clusters/test-cluster",
            "identity_service_config": [],
            "initial_node_count": 1,
            "ip_allocation_policy": [
              {
                "additional_pod_ranges_config": [],
                "cluster_ipv4_cidr_block": "10.8.0.0/14",
                "cluster_secondary_range_name": "gke-test-cluster-pods-573c74e7",
                "pod_cidr_overprovision_config": [
                  {
                    "disabled": false
                  }
                ],
                "services_ipv4_cidr_block": "10.12.0.0/20",
                "services_secondary_range_name": "gke-test-cluster-services-573c74e7",
                "stack_type": "IPV4"
              }
            ],
            "label_fingerprint": "f046e655",
            "location": "us-central1-a",
            "logging_config": [
              {
                "enable_components": [
                  "SYSTEM_COMPONENTS",
                  "WORKLOADS"
                ]
              }
            ],
            "logging_service": "logging.googleapis.com/kubernetes",
            "maintenance_policy": [],
            "master_auth": [
              {
                "client_certificate": "",
                "client_certificate_config": [
                  {
                    "issue_client_certificate": false
                  }
                ],
                "client_key": "",
                "cluster_ca_certificate": "LS0tLS1CRUdJTiBDRVJUSUZJQ0FURS0tLS0tCk1JSUVMRENDQXBTZ0F3SUJBZ0lRTjh2TyttRk5SUjVxUU5WNUZHNmtLVEFOQmdrcWhraUc5dzBCQVFzRkFEQXYKTVMwd0t3WURWUVFERXlRMk9XVTBaVE5oTmkxaU9UazRMVFEyTkdZdFlXSmxOaTB6T0dJM1lXTTJZelZqTkRVdwpJQmNOTWpRd01qRXpNREF6TmpVeldoZ1BNakExTkRBeU1EVXdNVE0yTlROYU1DOHhMVEFyQmdOVkJBTVRKRFk1ClpUUmxNMkUyTFdJNU9UZ3RORFkwWmkxaFltVTJMVE00WWpkaFl6WmpOV00wTlRDQ0FhSXdEUVlKS29aSWh2Y04KQVFFQkJRQURnZ0dQQURDQ0FZb0NnZ0dCQUxVaVExcktIR1lWQlpqeURPV1M3VUNra1l1emRkUWxsdWNnellFUQpPb3ZyOXhuUUtpdXJnYWxXSXIvM0pGNC93NnQzK0RZSjlEamRWRFlZSXAzUjUrV2Q3M1lLWi9ublIzY0FBRUJlCmZJVnQ0ZlB0ekVDRkxETUZSbGJFWXJ3VGExakFCdEtTZnR4YXNjTEw4TXhiaEFzeE82MVBEdjVlVmtBK0ZYaksKSjdhQjRmS1RhdlFzNTI1ZXZaMkFNU1JaNS9hZzg2WEZ3aWZDVk42cDVxOS9JOVNUS2F0R0tNK3NSdWdPYXduZwpkTC9aMGRTUy9lZmhqSDhTYlR4ZDlnRE1kazFYaHhkSzh2bWV5UFNOY0IzdFZQbUhaMVNrN3dIVWc4WkhzT25WCitrRCtjZkZCdVJ1Z1Z0c2x2dDBqYU9HWklUTlJvYzVpNUdaMW0rWUs3YUYvUVZpaE15UElNRjJJQVdVYlBrSDgKQUp3MmFoOTVCeFhmdDl1enhEM1czQlBmRm9IS1pJY1Y1dG1aaHpKN3oyYnhpbTczMUgrTUorK3JlMDVHM0kvRAo0dlpBdVdnVWVYL0lySFEyNFpTekkxQ2hzNkUzVmNCejlrNEZiM0tPbmcydzlhVG9jMWUva1R5TkZsWlUwc3lPClJhaG5HR3FFbnVEeGxjZmJSeFEvL3VMNm1RSURBUUFCbzBJd1FEQU9CZ05WSFE4QkFmOEVCQU1DQWdRd0R3WUQKVlIwVEFRSC9CQVV3QXdFQi96QWRCZ05WSFE0RUZnUVVvNlRDUDFkbzBaN3grYUlJSERNZUJONlRDUUl3RFFZSgpLb1pJaHZjTkFRRUxCUUFEZ2dHQkFEc09FSW80RVVyd1c1WW1NbEpHTkJXSWlqQUluVlhnUDkzTnh4SjcrTTFrClBRY3g2RXFNZHNMNDM1Z0RMMXVqVElRVjcxYmFYUW5oYlcwNVFmVmpVWWprRlViMnZZczlJbnprdjZMN2lwQXEKRzNURk1yY3o5ODdFVVQzeDFNTG0rOEgwQU9ySC9Kb24wemd0ZnM1NzEvQ0tSaEJxOWpxVWxnK05ETVhnZ3pBcwowb2RHK2hXcGVCb1NzTkNuU01FUUxQYVdpMFliYk5kZytZblBqR3I1ZW9mYXhxZG5kNnk0K0dQVUxIRWRKZSsvClkwMnoxcTlUYkxiaFNpTnYzMCtySkhQN2c1VUd0cVRXWGlHM2V1SDJsU0RSdDZ0UEs4V0RKMTUrQmQ2OWU5RXgKZ0JycVRVZEozQWN5SlNia0xhbmgzdk96OEUxYzN2NWgzZDBIaHRDMHFnWks2OWV3V0FrK0MreWVzdnZuWC9QTQovTmxDN0U2VGJPSzVxcDBrNTd0QWxYQkk1OU1YVnVqZ2tPcWFwc3J4QXV5bWQ4dThsK21TSkNDMW9aOUwwTEVzCmk5OS9ENzAvNzZ1NFRQVXJmSkdOeC9TZmVZbG9mQVhJbjRuWW1UamViWVg4ZmRxcTFBa3lQdzdwK1h5SEhkWXoKMVcvNVB5Q1NaVCsvVmxIczhHemJpUT09Ci0tLS0tRU5EIENFUlRJRklDQVRFLS0tLS0K"
              }
            ],
            "master_authorized_networks_config": [],
            "master_version": "1.27.8-gke.1067004",
            "mesh_certificates": [],
            "min_master_version": null,
            "monitoring_config": [
              {
                "advanced_datapath_observability_config": [
                  {
                    "enable_metrics": false,
                    "relay_mode": ""
                  }
                ],
                "enable_components": [
                  "SYSTEM_COMPONENTS"
                ],
                "managed_prometheus": [
                  {
                    "enabled": true
                  }
                ]
              }
            ],
            "monitoring_service": "monitoring.googleapis.com/kubernetes",
            "name": "test-cluster",
            "network": "projects/terraform-poc-project-413503/global/networks/default",
            "network_policy": [
              {
                "enabled": false,
                "provider": "PROVIDER_UNSPECIFIED"
              }
            ],
            "networking_mode": "VPC_NATIVE",
            "node_config": [
              {
                "advanced_machine_features": [],
                "boot_disk_kms_key": "",
                "confidential_nodes": [],
                "disk_size_gb": 100,
                "disk_type": "pd-balanced",
                "effective_taints": [],
                "ephemeral_storage_local_ssd_config": [],
                "fast_socket": [],
                "gcfs_config": [],
                "guest_accelerator": [],
                "gvnic": [],
                "host_maintenance_policy": [],
                "image_type": "COS_CONTAINERD",
                "kubelet_config": [],
                "labels": {},
                "linux_node_config": [],
                "local_nvme_ssd_block_config": [],
                "local_ssd_count": 0,
                "logging_variant": "DEFAULT",
                "machine_type": "e2-medium",
                "metadata": {
                  "disable-legacy-endpoints": "true"
                },
                "min_cpu_platform": "",
                "node_group": "",
                "oauth_scopes": [
                  "https://www.googleapis.com/auth/sqlservice.admin"
                ],
                "preemptible": false,
                "reservation_affinity": [],
                "resource_labels": null,
                "service_account": "default",
                "shielded_instance_config": [
                  {
                    "enable_integrity_monitoring": true,
                    "enable_secure_boot": false
                  }
                ],
                "sole_tenant_config": [],
                "spot": false,
                "tags": null,
                "taint": [],
                "workload_metadata_config": []
              }
            ],
            "node_locations": [],
            "node_pool": [
              {
                "autoscaling": [],
                "initial_node_count": 1,
                "instance_group_urls": [
                  "https://www.googleapis.com/compute/v1/projects/terraform-poc-project-413503/zones/us-central1-a/instanceGroupManagers/gke-test-cluster-default-pool-08bd25df-grp"
                ],
                "managed_instance_group_urls": [
                  "https://www.googleapis.com/compute/v1/projects/terraform-poc-project-413503/zones/us-central1-a/instanceGroups/gke-test-cluster-default-pool-08bd25df-grp"
                ],
                "management": [
                  {
                    "auto_repair": true,
                    "auto_upgrade": true
                  }
                ],
                "max_pods_per_node": 110,
                "name": "default-pool",
                "name_prefix": "",
                "network_config": [
                  {
                    "create_pod_range": false,
                    "enable_private_nodes": false,
                    "network_performance_config": [],
                    "pod_cidr_overprovision_config": [],
                    "pod_ipv4_cidr_block": "10.8.0.0/14",
                    "pod_range": "gke-test-cluster-pods-573c74e7"
                  }
                ],
                "node_config": [
                  {
                    "advanced_machine_features": [],
                    "boot_disk_kms_key": "",
                    "confidential_nodes": [],
                    "disk_size_gb": 100,
                    "disk_type": "pd-balanced",
                    "effective_taints": [],
                    "ephemeral_storage_local_ssd_config": [],
                    "fast_socket": [],
                    "gcfs_config": [],
                    "guest_accelerator": [],
                    "gvnic": [],
                    "host_maintenance_policy": [],
                    "image_type": "COS_CONTAINERD",
                    "kubelet_config": [],
                    "labels": {},
                    "linux_node_config": [],
                    "local_nvme_ssd_block_config": [],
                    "local_ssd_count": 0,
                    "logging_variant": "DEFAULT",
                    "machine_type": "e2-medium",
                    "metadata": {
                      "disable-legacy-endpoints": "true"
                    },
                    "min_cpu_platform": "",
                    "node_group": "",
                    "oauth_scopes": [
                      "https://www.googleapis.com/auth/logging.write",
                      "https://www.googleapis.com/auth/monitoring",
                      "https://www.googleapis.com/auth/sqlservice.admin"
                    ],
                    "preemptible": false,
                    "reservation_affinity": [],
                    "resource_labels": {},
                    "service_account": "default",
                    "shielded_instance_config": [
                      {
                        "enable_integrity_monitoring": true,
                        "enable_secure_boot": false
                      }
                    ],
                    "sole_tenant_config": [],
                    "spot": false,
                    "tags": [],
                    "taint": [],
                    "workload_metadata_config": []
                  }
                ],
                "node_count": 1,
                "node_locations": [
                  "us-central1-a"
                ],
                "placement_policy": [],
                "upgrade_settings": [
                  {
                    "blue_green_settings": [],
                    "max_surge": 1,
                    "max_unavailable": 0,
                    "strategy": "SURGE"
                  }
                ],
                "version": "1.27.8-gke.1067004"
              }
            ],
            "node_pool_auto_config": [],
            "node_pool_defaults": [
              {
                "node_config_defaults": [
                  {
                    "logging_variant": "DEFAULT"
                  }
                ]
              }
            ],
            "node_version": "1.27.8-gke.1067004",
            "notification_config": [
              {
                "pubsub": [
                  {
                    "enabled": false,
                    "filter": [],
                    "topic": ""
                  }
                ]
              }
            ],
            "operation": null,
            "private_cluster_config": [
              {
                "enable_private_endpoint": false,
                "enable_private_nodes": false,
                "master_global_access_config": [
                  {
                    "enabled": false
                  }
                ],
                "master_ipv4_cidr_block": "",
                "peering_name": "",
                "private_endpoint": "10.128.0.58",
                "private_endpoint_subnetwork": "",
                "public_endpoint": "35.225.254.167"
              }
            ],
            "private_ipv6_google_access": "",
            "project": "terraform-poc-project-413503",
            "release_channel": [
              {
                "channel": "REGULAR"
              }
            ],
            "remove_default_node_pool": null,
            "resource_labels": {
              "app": "test"
            },
            "resource_usage_export_config": [],
            "security_posture_config": [
              {
                "mode": "BASIC",
                "vulnerability_mode": "VULNERABILITY_MODE_UNSPECIFIED"
              }
            ],
            "self_link": "https://container.googleapis.com/v1/projects/terraform-poc-project-413503/zones/us-central1-a/clusters/test-cluster",
            "service_external_ips_config": [
              {
                "enabled": false
              }
            ],
            "services_ipv4_cidr": "10.12.0.0/20",
            "subnetwork": "projects/terraform-poc-project-413503/regions/us-central1/subnetworks/default",
            "timeouts": null,
            "tpu_ipv4_cidr_block": "",
            "vertical_pod_autoscaling": [],
            "workload_identity_config": []
          },
          "sensitive_attributes": [],
          "private": "eyJlMmJmYjczMC1lY2FhLTExZTYtOGY4OC0zNDM2M2JjN2M0YzAiOnsiY3JlYXRlIjoyNDAwMDAwMDAwMDAwLCJkZWxldGUiOjI0MDAwMDAwMDAwMDAsInJlYWQiOjI0MDAwMDAwMDAwMDAsInVwZGF0ZSI6MzYwMDAwMDAwMDAwMH0sInNjaGVtYV92ZXJzaW9uIjoiMiJ9"
        }
      ]
    }
  ],
  "check_results": null
}
