{
  "version": 4,
  "terraform_version": "1.7.2",
  "serial": 2,
  "lineage": "6cbe47dc-5681-0c07-38eb-f4b99516933e",
  "outputs": {
    "gke_cluster_access_token": {
      "value": "ya29.a0AfB_byDrwpLoR6mOyRx0Ex0kjEbVPaQ39bHSO7okUhma_TrEU1caa8mlsz52Y0Roz0Xv3e9_J7qU_IGIdun0f9RlJK9ym7saKo6aKvwTfSkoNW3-aQ2n66PxVv5p8GMmXs7i-FJQaQyMQm4c8-5MSYo_vUfM93jUyMDtuwaCgYKAS8SARASFQHGX2MiH3bxStsd5FPD-MHgwsHtpg0173",
      "type": "string",
      "sensitive": true
    },
    "gke_cluster_ca_certificate": {
      "value": "LS0tLS1CRUdJTiBDRVJUSUZJQ0FURS0tLS0tCk1JSUVMRENDQXBTZ0F3SUJBZ0lRUk80TkxVd0c2QW16NUp3bzZ3UkR3VEFOQmdrcWhraUc5dzBCQVFzRkFEQXYKTVMwd0t3WURWUVFERXlSbU4ySXpNRGt4WXkxaU56WmlMVFF5TVdRdFlUZzBNUzFsTUdFMk9HRTNaVGRrWkRNdwpJQmNOTWpRd01qRXlNVFV6T0RJeldoZ1BNakExTkRBeU1EUXhOak00TWpOYU1DOHhMVEFyQmdOVkJBTVRKR1kzCllqTXdPVEZqTFdJM05tSXROREl4WkMxaE9EUXhMV1V3WVRZNFlUZGxOMlJrTXpDQ0FhSXdEUVlKS29aSWh2Y04KQVFFQkJRQURnZ0dQQURDQ0FZb0NnZ0dCQUsveFVQMVZiUFFZM3BlUzdwUk1mRUVJdlZuUDNPRkppaUlrRzBQNwpXTCtKTkV5L0dkNU1PQXJpekVzWWZBZlkyU3RNRVRJNHZQdWpocVA0ZlRzck9BRFJ0bEtFdStFc2czbGZlMjlxCkFyUDltSmQ2eFlNaXhqVkFPclBYbVBsbGJZSkZzTFJuZXdJUHpGbHlwZm5OdDlmamhyZHlMS0Mwb0lZdUpSdmwKMFZrcDdiWG9ReUo1cTNubk5IajIzT3Z0OHc2VGFDTC9UcThIRkFFVlowZ1BmNVY0S3Z5SXB6aUpyODB3MHpMMQpwVk9IM0h3T0IwbDJJWVpwTFYxM2Vsd1VYY2pJbUR2QkpqMlNQdmQ4bUJxeTdMbGRTdGY3amFEMm93TUd5cCsvClVhTkdzS3VzV3NqamExaS9oa3B4YWVvbGF2OFlqcjE5QmxEWjgzZWFpcDB3SFFxTmNPVm96Und1YkEvaGU4SlAKQmJjV01NOEwwYTRSQVF4WGZtcTZFMVBORnVwandsY0ZPT2Y3UjNIUUl1R1QrTm1BSlBQYnQ5OVZ3TEZleTRuSwo5emlpWWt0amtFcGNXbFNXSTVURmsrWnVIYVB3YVY1eVZLTnhXQzRoNDM4ZnpTamJHTklRZmZXNXdCQ1N6KzFWCkhXejRpWEZqRnk4bjB3RjE0NHFrNEZTL2ZRSURBUUFCbzBJd1FEQU9CZ05WSFE4QkFmOEVCQU1DQWdRd0R3WUQKVlIwVEFRSC9CQVV3QXdFQi96QWRCZ05WSFE0RUZnUVVCTGpuQjNGQ2d3VmZHM1ZJODhKRzFveTNDUU13RFFZSgpLb1pJaHZjTkFRRUxCUUFEZ2dHQkFCZ3JJR0s4blhEaCtabk9tZGhCeGJuSVFiSmxLM1RJdzM0Z2s1RnpKVERQClZCN2RNUnVSaFQ0ZE8yMHZGRjBKQXFubDhBQy9Md0ZrSUpWMnNLSUEyNmgxTVVERDRIUkxZQjBnaXJtM2w5b0MKdXdLMWZMdm9RUzVBem9WbW9HUWw0MkFuR1JJWkUwVEtVNUhsak1TR2JOWG9XdTRORVkxSExBdmxCcm9uZS9xNApLTlVydzFVbnc2eVZPWDRXVE5uOVQrTlE2QWszdzRzK21hcytJYU1pdS9Ma1FKbmJsYkdVbmtxNnRFRFVyem8rCm9XTnNNdFVaa2QwNmVEcmkvdDhUNGEvRUF1MktGblVMK0U3MElRenc5M1NwdTU4ZldGMXl6UFJnK2RTT2ZVanYKQWFXNUNJcit3MHJTR2NyVkhzUXpqMExJMElwZU5YRDU4WmFtaGZabjVHN2RMQkwyUnFjV1ZZdWJlSjJhNmgrOQpLR3AwZFl1MGYrcmxtZXM3cFY1THhyYnkrRUhKSjBqY29kMmlEY1hPcWRvWHM5WjZCREZLZjNERkxmQzM4Ky9XCldZTFpobS9UdVR3aUZ5MkZKdGVYWE9YMzR0aEczWSs1di9mTlY0S28wWTkrTmNwMnA3Q01SMisvTWF0cXB1WDcKeUVITkV1YTE1Nmk3WGh2WjhhMTdodz09Ci0tLS0tRU5EIENFUlRJRklDQVRFLS0tLS0K",
      "type": "string"
    },
    "gke_cluster_endpoint": {
      "value": "34.172.203.250",
      "type": "string"
    }
  },
  "resources": [
    {
      "module": "module.gke",
      "mode": "data",
      "type": "google_client_config",
      "name": "default",
      "provider": "provider[\"registry.terraform.io/hashicorp/google\"]",
      "instances": [
        {
          "schema_version": 0,
          "attributes": {
            "access_token": "ya29.a0AfB_byDrwpLoR6mOyRx0Ex0kjEbVPaQ39bHSO7okUhma_TrEU1caa8mlsz52Y0Roz0Xv3e9_J7qU_IGIdun0f9RlJK9ym7saKo6aKvwTfSkoNW3-aQ2n66PxVv5p8GMmXs7i-FJQaQyMQm4c8-5MSYo_vUfM93jUyMDtuwaCgYKAS8SARASFQHGX2MiH3bxStsd5FPD-MHgwsHtpg0173",
            "id": "projects/\"terraform-poc-project-413503\"/regions/\"us-central1\"/zones/\"us-central1-a\"",
            "project": "terraform-poc-project-413503",
            "region": "us-central1",
            "zone": "us-central1-a"
          },
          "sensitive_attributes": []
        }
      ]
    },
    {
      "module": "module.gke",
      "mode": "managed",
      "type": "google_container_cluster",
      "name": "gke_cluster",
      "provider": "provider[\"registry.terraform.io/hashicorp/google\"]",
      "instances": [
        {
          "schema_version": 2,
          "attributes": {
            "addons_config": [
              {
                "cloudrun_config": [],
                "config_connector_config": [],
                "dns_cache_config": [],
                "gce_persistent_disk_csi_driver_config": [
                  {
                    "enabled": true
                  }
                ],
                "gcp_filestore_csi_driver_config": [],
                "gcs_fuse_csi_driver_config": [],
                "gke_backup_agent_config": [],
                "horizontal_pod_autoscaling": [],
                "http_load_balancing": [],
                "network_policy_config": [
                  {
                    "disabled": true
                  }
                ]
              }
            ],
            "allow_net_admin": null,
            "authenticator_groups_config": [],
            "binary_authorization": [
              {
                "enabled": false,
                "evaluation_mode": ""
              }
            ],
            "cluster_autoscaling": [
              {
                "auto_provisioning_defaults": [],
                "autoscaling_profile": "BALANCED",
                "enabled": false,
                "resource_limits": []
              }
            ],
            "cluster_ipv4_cidr": "10.8.0.0/14",
            "confidential_nodes": [],
            "cost_management_config": [],
            "database_encryption": [
              {
                "key_name": "",
                "state": "DECRYPTED"
              }
            ],
            "datapath_provider": "",
            "default_max_pods_per_node": 110,
            "default_snat_status": [
              {
                "disabled": false
              }
            ],
            "deletion_protection": false,
            "description": "",
            "dns_config": [],
            "enable_autopilot": false,
            "enable_intranode_visibility": false,
            "enable_k8s_beta_apis": [],
            "enable_kubernetes_alpha": false,
            "enable_l4_ilb_subsetting": false,
            "enable_legacy_abac": false,
            "enable_shielded_nodes": true,
            "enable_tpu": false,
            "endpoint": "34.172.203.250",
            "fleet": [],
            "gateway_api_config": [],
            "id": "projects/terraform-poc-project-413503/locations/us-central1-a/clusters/test-cluster",
            "identity_service_config": [],
            "initial_node_count": 1,
            "ip_allocation_policy": [
              {
                "additional_pod_ranges_config": [],
                "cluster_ipv4_cidr_block": "10.8.0.0/14",
                "cluster_secondary_range_name": "gke-test-cluster-pods-c99c3b3f",
                "pod_cidr_overprovision_config": [
                  {
                    "disabled": false
                  }
                ],
                "services_ipv4_cidr_block": "10.12.0.0/20",
                "services_secondary_range_name": "gke-test-cluster-services-c99c3b3f",
                "stack_type": "IPV4"
              }
            ],
            "label_fingerprint": "f046e655",
            "location": "us-central1-a",
            "logging_config": [
              {
                "enable_components": [
                  "SYSTEM_COMPONENTS",
                  "WORKLOADS"
                ]
              }
            ],
            "logging_service": "logging.googleapis.com/kubernetes",
            "maintenance_policy": [],
            "master_auth": [
              {
                "client_certificate": "",
                "client_certificate_config": [
                  {
                    "issue_client_certificate": false
                  }
                ],
                "client_key": "",
                "cluster_ca_certificate": "LS0tLS1CRUdJTiBDRVJUSUZJQ0FURS0tLS0tCk1JSUVMRENDQXBTZ0F3SUJBZ0lRUk80TkxVd0c2QW16NUp3bzZ3UkR3VEFOQmdrcWhraUc5dzBCQVFzRkFEQXYKTVMwd0t3WURWUVFERXlSbU4ySXpNRGt4WXkxaU56WmlMVFF5TVdRdFlUZzBNUzFsTUdFMk9HRTNaVGRrWkRNdwpJQmNOTWpRd01qRXlNVFV6T0RJeldoZ1BNakExTkRBeU1EUXhOak00TWpOYU1DOHhMVEFyQmdOVkJBTVRKR1kzCllqTXdPVEZqTFdJM05tSXROREl4WkMxaE9EUXhMV1V3WVRZNFlUZGxOMlJrTXpDQ0FhSXdEUVlKS29aSWh2Y04KQVFFQkJRQURnZ0dQQURDQ0FZb0NnZ0dCQUsveFVQMVZiUFFZM3BlUzdwUk1mRUVJdlZuUDNPRkppaUlrRzBQNwpXTCtKTkV5L0dkNU1PQXJpekVzWWZBZlkyU3RNRVRJNHZQdWpocVA0ZlRzck9BRFJ0bEtFdStFc2czbGZlMjlxCkFyUDltSmQ2eFlNaXhqVkFPclBYbVBsbGJZSkZzTFJuZXdJUHpGbHlwZm5OdDlmamhyZHlMS0Mwb0lZdUpSdmwKMFZrcDdiWG9ReUo1cTNubk5IajIzT3Z0OHc2VGFDTC9UcThIRkFFVlowZ1BmNVY0S3Z5SXB6aUpyODB3MHpMMQpwVk9IM0h3T0IwbDJJWVpwTFYxM2Vsd1VYY2pJbUR2QkpqMlNQdmQ4bUJxeTdMbGRTdGY3amFEMm93TUd5cCsvClVhTkdzS3VzV3NqamExaS9oa3B4YWVvbGF2OFlqcjE5QmxEWjgzZWFpcDB3SFFxTmNPVm96Und1YkEvaGU4SlAKQmJjV01NOEwwYTRSQVF4WGZtcTZFMVBORnVwandsY0ZPT2Y3UjNIUUl1R1QrTm1BSlBQYnQ5OVZ3TEZleTRuSwo5emlpWWt0amtFcGNXbFNXSTVURmsrWnVIYVB3YVY1eVZLTnhXQzRoNDM4ZnpTamJHTklRZmZXNXdCQ1N6KzFWCkhXejRpWEZqRnk4bjB3RjE0NHFrNEZTL2ZRSURBUUFCbzBJd1FEQU9CZ05WSFE4QkFmOEVCQU1DQWdRd0R3WUQKVlIwVEFRSC9CQVV3QXdFQi96QWRCZ05WSFE0RUZnUVVCTGpuQjNGQ2d3VmZHM1ZJODhKRzFveTNDUU13RFFZSgpLb1pJaHZjTkFRRUxCUUFEZ2dHQkFCZ3JJR0s4blhEaCtabk9tZGhCeGJuSVFiSmxLM1RJdzM0Z2s1RnpKVERQClZCN2RNUnVSaFQ0ZE8yMHZGRjBKQXFubDhBQy9Md0ZrSUpWMnNLSUEyNmgxTVVERDRIUkxZQjBnaXJtM2w5b0MKdXdLMWZMdm9RUzVBem9WbW9HUWw0MkFuR1JJWkUwVEtVNUhsak1TR2JOWG9XdTRORVkxSExBdmxCcm9uZS9xNApLTlVydzFVbnc2eVZPWDRXVE5uOVQrTlE2QWszdzRzK21hcytJYU1pdS9Ma1FKbmJsYkdVbmtxNnRFRFVyem8rCm9XTnNNdFVaa2QwNmVEcmkvdDhUNGEvRUF1MktGblVMK0U3MElRenc5M1NwdTU4ZldGMXl6UFJnK2RTT2ZVanYKQWFXNUNJcit3MHJTR2NyVkhzUXpqMExJMElwZU5YRDU4WmFtaGZabjVHN2RMQkwyUnFjV1ZZdWJlSjJhNmgrOQpLR3AwZFl1MGYrcmxtZXM3cFY1THhyYnkrRUhKSjBqY29kMmlEY1hPcWRvWHM5WjZCREZLZjNERkxmQzM4Ky9XCldZTFpobS9UdVR3aUZ5MkZKdGVYWE9YMzR0aEczWSs1di9mTlY0S28wWTkrTmNwMnA3Q01SMisvTWF0cXB1WDcKeUVITkV1YTE1Nmk3WGh2WjhhMTdodz09Ci0tLS0tRU5EIENFUlRJRklDQVRFLS0tLS0K"
              }
            ],
            "master_authorized_networks_config": [],
            "master_version": "1.27.8-gke.1067004",
            "mesh_certificates": [],
            "min_master_version": null,
            "monitoring_config": [
              {
                "advanced_datapath_observability_config": [
                  {
                    "enable_metrics": false,
                    "relay_mode": ""
                  }
                ],
                "enable_components": [
                  "SYSTEM_COMPONENTS"
                ],
                "managed_prometheus": [
                  {
                    "enabled": true
                  }
                ]
              }
            ],
            "monitoring_service": "monitoring.googleapis.com/kubernetes",
            "name": "test-cluster",
            "network": "projects/terraform-poc-project-413503/global/networks/default",
            "network_policy": [
              {
                "enabled": false,
                "provider": "PROVIDER_UNSPECIFIED"
              }
            ],
            "networking_mode": "VPC_NATIVE",
            "node_config": [
              {
                "advanced_machine_features": [],
                "boot_disk_kms_key": "",
                "confidential_nodes": [],
                "disk_size_gb": 100,
                "disk_type": "pd-balanced",
                "effective_taints": [],
                "ephemeral_storage_local_ssd_config": [],
                "fast_socket": [],
                "gcfs_config": [],
                "guest_accelerator": [],
                "gvnic": [],
                "host_maintenance_policy": [],
                "image_type": "COS_CONTAINERD",
                "kubelet_config": [],
                "labels": {},
                "linux_node_config": [],
                "local_nvme_ssd_block_config": [],
                "local_ssd_count": 0,
                "logging_variant": "DEFAULT",
                "machine_type": "e2-medium",
                "metadata": {
                  "disable-legacy-endpoints": "true"
                },
                "min_cpu_platform": "",
                "node_group": "",
                "oauth_scopes": [
                  "https://www.googleapis.com/auth/sqlservice.admin"
                ],
                "preemptible": false,
                "reservation_affinity": [],
                "resource_labels": null,
                "service_account": "default",
                "shielded_instance_config": [
                  {
                    "enable_integrity_monitoring": true,
                    "enable_secure_boot": false
                  }
                ],
                "sole_tenant_config": [],
                "spot": false,
                "tags": null,
                "taint": [],
                "workload_metadata_config": []
              }
            ],
            "node_locations": [],
            "node_pool": [
              {
                "autoscaling": [],
                "initial_node_count": 1,
                "instance_group_urls": [
                  "https://www.googleapis.com/compute/v1/projects/terraform-poc-project-413503/zones/us-central1-a/instanceGroupManagers/gke-test-cluster-default-pool-e70be563-grp"
                ],
                "managed_instance_group_urls": [
                  "https://www.googleapis.com/compute/v1/projects/terraform-poc-project-413503/zones/us-central1-a/instanceGroups/gke-test-cluster-default-pool-e70be563-grp"
                ],
                "management": [
                  {
                    "auto_repair": true,
                    "auto_upgrade": true
                  }
                ],
                "max_pods_per_node": 110,
                "name": "default-pool",
                "name_prefix": "",
                "network_config": [
                  {
                    "create_pod_range": false,
                    "enable_private_nodes": false,
                    "network_performance_config": [],
                    "pod_cidr_overprovision_config": [],
                    "pod_ipv4_cidr_block": "10.8.0.0/14",
                    "pod_range": "gke-test-cluster-pods-c99c3b3f"
                  }
                ],
                "node_config": [
                  {
                    "advanced_machine_features": [],
                    "boot_disk_kms_key": "",
                    "confidential_nodes": [],
                    "disk_size_gb": 100,
                    "disk_type": "pd-balanced",
                    "effective_taints": [],
                    "ephemeral_storage_local_ssd_config": [],
                    "fast_socket": [],
                    "gcfs_config": [],
                    "guest_accelerator": [],
                    "gvnic": [],
                    "host_maintenance_policy": [],
                    "image_type": "COS_CONTAINERD",
                    "kubelet_config": [],
                    "labels": {},
                    "linux_node_config": [],
                    "local_nvme_ssd_block_config": [],
                    "local_ssd_count": 0,
                    "logging_variant": "DEFAULT",
                    "machine_type": "e2-medium",
                    "metadata": {
                      "disable-legacy-endpoints": "true"
                    },
                    "min_cpu_platform": "",
                    "node_group": "",
                    "oauth_scopes": [
                      "https://www.googleapis.com/auth/logging.write",
                      "https://www.googleapis.com/auth/monitoring",
                      "https://www.googleapis.com/auth/sqlservice.admin"
                    ],
                    "preemptible": false,
                    "reservation_affinity": [],
                    "resource_labels": {},
                    "service_account": "default",
                    "shielded_instance_config": [
                      {
                        "enable_integrity_monitoring": true,
                        "enable_secure_boot": false
                      }
                    ],
                    "sole_tenant_config": [],
                    "spot": false,
                    "tags": [],
                    "taint": [],
                    "workload_metadata_config": []
                  }
                ],
                "node_count": 1,
                "node_locations": [
                  "us-central1-a"
                ],
                "placement_policy": [],
                "upgrade_settings": [
                  {
                    "blue_green_settings": [],
                    "max_surge": 1,
                    "max_unavailable": 0,
                    "strategy": "SURGE"
                  }
                ],
                "version": "1.27.8-gke.1067004"
              }
            ],
            "node_pool_auto_config": [],
            "node_pool_defaults": [
              {
                "node_config_defaults": [
                  {
                    "logging_variant": "DEFAULT"
                  }
                ]
              }
            ],
            "node_version": "1.27.8-gke.1067004",
            "notification_config": [
              {
                "pubsub": [
                  {
                    "enabled": false,
                    "filter": [],
                    "topic": ""
                  }
                ]
              }
            ],
            "operation": null,
            "private_cluster_config": [
              {
                "enable_private_endpoint": false,
                "enable_private_nodes": false,
                "master_global_access_config": [
                  {
                    "enabled": false
                  }
                ],
                "master_ipv4_cidr_block": "",
                "peering_name": "",
                "private_endpoint": "10.128.0.56",
                "private_endpoint_subnetwork": "",
                "public_endpoint": "34.172.203.250"
              }
            ],
            "private_ipv6_google_access": "",
            "project": "terraform-poc-project-413503",
            "release_channel": [
              {
                "channel": "REGULAR"
              }
            ],
            "remove_default_node_pool": null,
            "resource_labels": {
              "app": "test"
            },
            "resource_usage_export_config": [],
            "security_posture_config": [
              {
                "mode": "BASIC",
                "vulnerability_mode": "VULNERABILITY_MODE_UNSPECIFIED"
              }
            ],
            "self_link": "https://container.googleapis.com/v1/projects/terraform-poc-project-413503/zones/us-central1-a/clusters/test-cluster",
            "service_external_ips_config": [
              {
                "enabled": false
              }
            ],
            "services_ipv4_cidr": "10.12.0.0/20",
            "subnetwork": "projects/terraform-poc-project-413503/regions/us-central1/subnetworks/default",
            "timeouts": null,
            "tpu_ipv4_cidr_block": "",
            "vertical_pod_autoscaling": [],
            "workload_identity_config": []
          },
          "sensitive_attributes": [],
          "private": "eyJlMmJmYjczMC1lY2FhLTExZTYtOGY4OC0zNDM2M2JjN2M0YzAiOnsiY3JlYXRlIjoyNDAwMDAwMDAwMDAwLCJkZWxldGUiOjI0MDAwMDAwMDAwMDAsInJlYWQiOjI0MDAwMDAwMDAwMDAsInVwZGF0ZSI6MzYwMDAwMDAwMDAwMH0sInNjaGVtYV92ZXJzaW9uIjoiMiJ9"
        }
      ]
    }
  ],
  "check_results": null
}
