{
  "version": 4,
  "terraform_version": "1.7.2",
  "serial": 2,
  "lineage": "c825e38d-65c2-2ead-6899-8ad9c62be296",
  "outputs": {
    "gke_cluster_access_token": {
      "value": "ya29.a0AfB_byCcmFGtVbIQkqKlg7bq-quWVLiBc7vNzWW7cJf4b1kJZh7-w8hOP9UL35ZtI95dSGlaeSIoIhmuT_EmzHwG_b-_3jZ97dvKgXfeN-kz4bQAFAs49izw_dCnu2f-f2gYH1xmNkR96YfiZVAGc3o0QBDZtkoaqdshsgaCgYKAYESARASFQHGX2MiJRg5-Al4bnp26Fqfrf2yKQ0173",
      "type": "string",
      "sensitive": true
    },
    "gke_cluster_ca_certificate": {
      "value": "LS0tLS1CRUdJTiBDRVJUSUZJQ0FURS0tLS0tCk1JSUVMVENDQXBXZ0F3SUJBZ0lSQUpXbnRRUU5ieDNlQ1VjTzdXZm5EOVV3RFFZSktvWklodmNOQVFFTEJRQXcKTHpFdE1Dc0dBMVVFQXhNa05tWXpZalZpWldNdE1UVm1aUzAwWlRJNExXSXhZVEl0WVdJMllURTNPV001WVdaagpNQ0FYRFRJME1ESXhNVEUzTXpJeU5Gb1lEekl3TlRRd01qQXpNVGd6TWpJMFdqQXZNUzB3S3dZRFZRUURFeVEyClpqTmlOV0psWXkweE5XWmxMVFJsTWpndFlqRmhNaTFoWWpaaE1UYzVZemxoWm1Nd2dnR2lNQTBHQ1NxR1NJYjMKRFFFQkFRVUFBNElCandBd2dnR0tBb0lCZ1FDcUNnSXV6TEp6WWRSK0o5TEI5OW5Hbis0U29kS1czN0VNU2xSTgp1ZGxPak9jRDR3RzRGSDd5d2Ria1JDOGhqb011OFRNMTFmZFhoRUZyN2NyV2wybXhsY29qVEEwS0gyOHVQbXNNCjczMm1NaHQxTExyZmVxZnpaa2dlUVdIY0N1dDJsMnFlWnZTbUgxbEp6OWhEY0k2N0tOaVpYdzg3a1kwajMrN3EKVXpSUjhqZ3pNaDZWdmpnWWdYS2NQOTQ0U0FmZzJUQ2dzYkNCbG9JbkdUbkRBWUcvWHZsam1lSjlHWTRwSmVmQwpnUEJ3TUVHaWg1OC8wUURGdVpicGtuY1g5NElaeHh3cFNaQWY4KzU0cXZVWStvL1IwZjVZdEZMOTBobERrQk1LCmhEd3pSQVhZTUV3ZHlQbWVYOTd0RThVaUtTd3BQTnlkTnRteURFYXZsRkhWOE5hclRrWkNSVXNuKzd2MlhSVGIKMUk3bWdjV0hBbkNieXBic01OTXJVbHdYdTAxRW5ZaXNDNG5aeWxpTVdCWk05azFndWZqaEpxcHdHUlFGckJoOQpoS25MMlMzTHpacklTNkxDOUk3UDdNSG93bjhFUStCQUhsUWdJZkdFM2RPbmsrMFY3UndwMFljaWcxRTdFR2hFCnJxT0xhWFNUc09xOUlUTnk1MTVrZzBZRnAwRUNBd0VBQWFOQ01FQXdEZ1lEVlIwUEFRSC9CQVFEQWdJRU1BOEcKQTFVZEV3RUIvd1FGTUFNQkFmOHdIUVlEVlIwT0JCWUVGRkhVZ0NGeDJZRkRjdGliYXJkSHRrQWI3RExXTUEwRwpDU3FHU0liM0RRRUJDd1VBQTRJQmdRQVQ5MHRqcEU0YjF1OUtpaVNOZ2FWb3Y0YytkbHZhME54TXN2cjg4RU9mCkJvR0E2QVV2VlVySHpjT3hncEVTdjdqdkIxZ05qN3A1bnV5VDdFemZETGxQc0VSNjFnQWVteXRGSjZjTWFaQVgKT1RNVURIQ1lYK2hScitsLyt6VE0wZEZVQ3hDM0h5bkZtV1FsNlBSNGxLVVYxWlRyRi9kY0hUYWQ0T3UrRW1jWApqSnM3N1dVU3N0SGNtWnhlYVl1RjJRZzNYRGNwVTJ3b2tCMDNBNk5pamFHTlZ1NUE4WFFhNVE5Sk9tMGMrMFY0Cm9jSlpRK0FYR2cvUE1XSytIbjYzNFM2WngxMGFUK3psV29BcU1xcE1yNU1tcEg0VVowUTV5Z2oyOUl1QzQyMjYKS3g5emUrbUR6MTVtS3p0NFpHMGttUk95TERDUVAxaUlHZEs0aUZPRUZvYjRHZ0xvOTY2L3pQdVpEN25TbHFybwpmTkpkZm5VNHE2MW1tVWdmZXJCVnBicW01dy9IYUI5Qy9VMVEyN1IyTVpQR1FJRlIzSFRaaVZFVi9sTFlsdWNUCk1GcWhzQU1Hc24yVTNYdzkzUTN2ZytpYTVPU0NtS2o3ZGpLc2IyTmFaZkRqdkUwcW5mZVl1cTViRUFQZnY5TEIKbkJubGlYK1Vta2h4SFBCL0VoZm05dE09Ci0tLS0tRU5EIENFUlRJRklDQVRFLS0tLS0K",
      "type": "string"
    },
    "gke_cluster_endpoint": {
      "value": "23.236.58.243",
      "type": "string"
    }
  },
  "resources": [
    {
      "module": "module.gke",
      "mode": "data",
      "type": "google_client_config",
      "name": "default",
      "provider": "provider[\"registry.terraform.io/hashicorp/google\"]",
      "instances": [
        {
          "schema_version": 0,
          "attributes": {
            "access_token": "ya29.a0AfB_byCcmFGtVbIQkqKlg7bq-quWVLiBc7vNzWW7cJf4b1kJZh7-w8hOP9UL35ZtI95dSGlaeSIoIhmuT_EmzHwG_b-_3jZ97dvKgXfeN-kz4bQAFAs49izw_dCnu2f-f2gYH1xmNkR96YfiZVAGc3o0QBDZtkoaqdshsgaCgYKAYESARASFQHGX2MiJRg5-Al4bnp26Fqfrf2yKQ0173",
            "id": "projects/\"terraform-poc-project-413503\"/regions/\"us-central1\"/zones/\"us-central1-a\"",
            "project": "terraform-poc-project-413503",
            "region": "us-central1",
            "zone": "us-central1-a"
          },
          "sensitive_attributes": []
        }
      ]
    },
    {
      "module": "module.gke",
      "mode": "managed",
      "type": "google_container_cluster",
      "name": "gke_cluster",
      "provider": "provider[\"registry.terraform.io/hashicorp/google\"]",
      "instances": [
        {
          "schema_version": 2,
          "attributes": {
            "addons_config": [
              {
                "cloudrun_config": [],
                "config_connector_config": [],
                "dns_cache_config": [],
                "gce_persistent_disk_csi_driver_config": [
                  {
                    "enabled": true
                  }
                ],
                "gcp_filestore_csi_driver_config": [],
                "gcs_fuse_csi_driver_config": [],
                "gke_backup_agent_config": [],
                "horizontal_pod_autoscaling": [],
                "http_load_balancing": [],
                "network_policy_config": [
                  {
                    "disabled": true
                  }
                ]
              }
            ],
            "allow_net_admin": null,
            "authenticator_groups_config": [],
            "binary_authorization": [
              {
                "enabled": false,
                "evaluation_mode": ""
              }
            ],
            "cluster_autoscaling": [
              {
                "auto_provisioning_defaults": [],
                "autoscaling_profile": "BALANCED",
                "enabled": false,
                "resource_limits": []
              }
            ],
            "cluster_ipv4_cidr": "10.8.0.0/14",
            "confidential_nodes": [],
            "cost_management_config": [],
            "database_encryption": [
              {
                "key_name": "",
                "state": "DECRYPTED"
              }
            ],
            "datapath_provider": "",
            "default_max_pods_per_node": 110,
            "default_snat_status": [
              {
                "disabled": false
              }
            ],
            "deletion_protection": false,
            "description": "",
            "dns_config": [],
            "enable_autopilot": false,
            "enable_intranode_visibility": false,
            "enable_k8s_beta_apis": [],
            "enable_kubernetes_alpha": false,
            "enable_l4_ilb_subsetting": false,
            "enable_legacy_abac": false,
            "enable_shielded_nodes": true,
            "enable_tpu": false,
            "endpoint": "23.236.58.243",
            "fleet": [],
            "gateway_api_config": [],
            "id": "projects/terraform-poc-project-413503/locations/us-central1-a/clusters/test-cluster",
            "identity_service_config": [],
            "initial_node_count": 1,
            "ip_allocation_policy": [
              {
                "additional_pod_ranges_config": [],
                "cluster_ipv4_cidr_block": "10.8.0.0/14",
                "cluster_secondary_range_name": "gke-test-cluster-pods-141ae408",
                "pod_cidr_overprovision_config": [
                  {
                    "disabled": false
                  }
                ],
                "services_ipv4_cidr_block": "10.12.0.0/20",
                "services_secondary_range_name": "gke-test-cluster-services-141ae408",
                "stack_type": "IPV4"
              }
            ],
            "label_fingerprint": "f046e655",
            "location": "us-central1-a",
            "logging_config": [
              {
                "enable_components": [
                  "SYSTEM_COMPONENTS",
                  "WORKLOADS"
                ]
              }
            ],
            "logging_service": "logging.googleapis.com/kubernetes",
            "maintenance_policy": [],
            "master_auth": [
              {
                "client_certificate": "",
                "client_certificate_config": [
                  {
                    "issue_client_certificate": false
                  }
                ],
                "client_key": "",
                "cluster_ca_certificate": "LS0tLS1CRUdJTiBDRVJUSUZJQ0FURS0tLS0tCk1JSUVMVENDQXBXZ0F3SUJBZ0lSQUpXbnRRUU5ieDNlQ1VjTzdXZm5EOVV3RFFZSktvWklodmNOQVFFTEJRQXcKTHpFdE1Dc0dBMVVFQXhNa05tWXpZalZpWldNdE1UVm1aUzAwWlRJNExXSXhZVEl0WVdJMllURTNPV001WVdaagpNQ0FYRFRJME1ESXhNVEUzTXpJeU5Gb1lEekl3TlRRd01qQXpNVGd6TWpJMFdqQXZNUzB3S3dZRFZRUURFeVEyClpqTmlOV0psWXkweE5XWmxMVFJsTWpndFlqRmhNaTFoWWpaaE1UYzVZemxoWm1Nd2dnR2lNQTBHQ1NxR1NJYjMKRFFFQkFRVUFBNElCandBd2dnR0tBb0lCZ1FDcUNnSXV6TEp6WWRSK0o5TEI5OW5Hbis0U29kS1czN0VNU2xSTgp1ZGxPak9jRDR3RzRGSDd5d2Ria1JDOGhqb011OFRNMTFmZFhoRUZyN2NyV2wybXhsY29qVEEwS0gyOHVQbXNNCjczMm1NaHQxTExyZmVxZnpaa2dlUVdIY0N1dDJsMnFlWnZTbUgxbEp6OWhEY0k2N0tOaVpYdzg3a1kwajMrN3EKVXpSUjhqZ3pNaDZWdmpnWWdYS2NQOTQ0U0FmZzJUQ2dzYkNCbG9JbkdUbkRBWUcvWHZsam1lSjlHWTRwSmVmQwpnUEJ3TUVHaWg1OC8wUURGdVpicGtuY1g5NElaeHh3cFNaQWY4KzU0cXZVWStvL1IwZjVZdEZMOTBobERrQk1LCmhEd3pSQVhZTUV3ZHlQbWVYOTd0RThVaUtTd3BQTnlkTnRteURFYXZsRkhWOE5hclRrWkNSVXNuKzd2MlhSVGIKMUk3bWdjV0hBbkNieXBic01OTXJVbHdYdTAxRW5ZaXNDNG5aeWxpTVdCWk05azFndWZqaEpxcHdHUlFGckJoOQpoS25MMlMzTHpacklTNkxDOUk3UDdNSG93bjhFUStCQUhsUWdJZkdFM2RPbmsrMFY3UndwMFljaWcxRTdFR2hFCnJxT0xhWFNUc09xOUlUTnk1MTVrZzBZRnAwRUNBd0VBQWFOQ01FQXdEZ1lEVlIwUEFRSC9CQVFEQWdJRU1BOEcKQTFVZEV3RUIvd1FGTUFNQkFmOHdIUVlEVlIwT0JCWUVGRkhVZ0NGeDJZRkRjdGliYXJkSHRrQWI3RExXTUEwRwpDU3FHU0liM0RRRUJDd1VBQTRJQmdRQVQ5MHRqcEU0YjF1OUtpaVNOZ2FWb3Y0YytkbHZhME54TXN2cjg4RU9mCkJvR0E2QVV2VlVySHpjT3hncEVTdjdqdkIxZ05qN3A1bnV5VDdFemZETGxQc0VSNjFnQWVteXRGSjZjTWFaQVgKT1RNVURIQ1lYK2hScitsLyt6VE0wZEZVQ3hDM0h5bkZtV1FsNlBSNGxLVVYxWlRyRi9kY0hUYWQ0T3UrRW1jWApqSnM3N1dVU3N0SGNtWnhlYVl1RjJRZzNYRGNwVTJ3b2tCMDNBNk5pamFHTlZ1NUE4WFFhNVE5Sk9tMGMrMFY0Cm9jSlpRK0FYR2cvUE1XSytIbjYzNFM2WngxMGFUK3psV29BcU1xcE1yNU1tcEg0VVowUTV5Z2oyOUl1QzQyMjYKS3g5emUrbUR6MTVtS3p0NFpHMGttUk95TERDUVAxaUlHZEs0aUZPRUZvYjRHZ0xvOTY2L3pQdVpEN25TbHFybwpmTkpkZm5VNHE2MW1tVWdmZXJCVnBicW01dy9IYUI5Qy9VMVEyN1IyTVpQR1FJRlIzSFRaaVZFVi9sTFlsdWNUCk1GcWhzQU1Hc24yVTNYdzkzUTN2ZytpYTVPU0NtS2o3ZGpLc2IyTmFaZkRqdkUwcW5mZVl1cTViRUFQZnY5TEIKbkJubGlYK1Vta2h4SFBCL0VoZm05dE09Ci0tLS0tRU5EIENFUlRJRklDQVRFLS0tLS0K"
              }
            ],
            "master_authorized_networks_config": [],
            "master_version": "1.27.8-gke.1067004",
            "mesh_certificates": [],
            "min_master_version": null,
            "monitoring_config": [
              {
                "advanced_datapath_observability_config": [
                  {
                    "enable_metrics": false,
                    "relay_mode": ""
                  }
                ],
                "enable_components": [
                  "SYSTEM_COMPONENTS"
                ],
                "managed_prometheus": [
                  {
                    "enabled": true
                  }
                ]
              }
            ],
            "monitoring_service": "monitoring.googleapis.com/kubernetes",
            "name": "test-cluster",
            "network": "projects/terraform-poc-project-413503/global/networks/default",
            "network_policy": [
              {
                "enabled": false,
                "provider": "PROVIDER_UNSPECIFIED"
              }
            ],
            "networking_mode": "VPC_NATIVE",
            "node_config": [
              {
                "advanced_machine_features": [],
                "boot_disk_kms_key": "",
                "confidential_nodes": [],
                "disk_size_gb": 100,
                "disk_type": "pd-balanced",
                "effective_taints": [],
                "ephemeral_storage_local_ssd_config": [],
                "fast_socket": [],
                "gcfs_config": [],
                "guest_accelerator": [],
                "gvnic": [],
                "host_maintenance_policy": [],
                "image_type": "COS_CONTAINERD",
                "kubelet_config": [],
                "labels": {},
                "linux_node_config": [],
                "local_nvme_ssd_block_config": [],
                "local_ssd_count": 0,
                "logging_variant": "DEFAULT",
                "machine_type": "e2-medium",
                "metadata": {
                  "disable-legacy-endpoints": "true"
                },
                "min_cpu_platform": "",
                "node_group": "",
                "oauth_scopes": [
                  "https://www.googleapis.com/auth/sqlservice.admin"
                ],
                "preemptible": false,
                "reservation_affinity": [],
                "resource_labels": null,
                "service_account": "default",
                "shielded_instance_config": [
                  {
                    "enable_integrity_monitoring": true,
                    "enable_secure_boot": false
                  }
                ],
                "sole_tenant_config": [],
                "spot": false,
                "tags": null,
                "taint": [],
                "workload_metadata_config": []
              }
            ],
            "node_locations": [],
            "node_pool": [
              {
                "autoscaling": [],
                "initial_node_count": 1,
                "instance_group_urls": [
                  "https://www.googleapis.com/compute/v1/projects/terraform-poc-project-413503/zones/us-central1-a/instanceGroupManagers/gke-test-cluster-default-pool-071c54d2-grp"
                ],
                "managed_instance_group_urls": [
                  "https://www.googleapis.com/compute/v1/projects/terraform-poc-project-413503/zones/us-central1-a/instanceGroups/gke-test-cluster-default-pool-071c54d2-grp"
                ],
                "management": [
                  {
                    "auto_repair": true,
                    "auto_upgrade": true
                  }
                ],
                "max_pods_per_node": 110,
                "name": "default-pool",
                "name_prefix": "",
                "network_config": [
                  {
                    "create_pod_range": false,
                    "enable_private_nodes": false,
                    "network_performance_config": [],
                    "pod_cidr_overprovision_config": [],
                    "pod_ipv4_cidr_block": "10.8.0.0/14",
                    "pod_range": "gke-test-cluster-pods-141ae408"
                  }
                ],
                "node_config": [
                  {
                    "advanced_machine_features": [],
                    "boot_disk_kms_key": "",
                    "confidential_nodes": [],
                    "disk_size_gb": 100,
                    "disk_type": "pd-balanced",
                    "effective_taints": [],
                    "ephemeral_storage_local_ssd_config": [],
                    "fast_socket": [],
                    "gcfs_config": [],
                    "guest_accelerator": [],
                    "gvnic": [],
                    "host_maintenance_policy": [],
                    "image_type": "COS_CONTAINERD",
                    "kubelet_config": [],
                    "labels": {},
                    "linux_node_config": [],
                    "local_nvme_ssd_block_config": [],
                    "local_ssd_count": 0,
                    "logging_variant": "DEFAULT",
                    "machine_type": "e2-medium",
                    "metadata": {
                      "disable-legacy-endpoints": "true"
                    },
                    "min_cpu_platform": "",
                    "node_group": "",
                    "oauth_scopes": [
                      "https://www.googleapis.com/auth/logging.write",
                      "https://www.googleapis.com/auth/monitoring",
                      "https://www.googleapis.com/auth/sqlservice.admin"
                    ],
                    "preemptible": false,
                    "reservation_affinity": [],
                    "resource_labels": {},
                    "service_account": "default",
                    "shielded_instance_config": [
                      {
                        "enable_integrity_monitoring": true,
                        "enable_secure_boot": false
                      }
                    ],
                    "sole_tenant_config": [],
                    "spot": false,
                    "tags": [],
                    "taint": [],
                    "workload_metadata_config": []
                  }
                ],
                "node_count": 1,
                "node_locations": [
                  "us-central1-a"
                ],
                "placement_policy": [],
                "upgrade_settings": [
                  {
                    "blue_green_settings": [],
                    "max_surge": 1,
                    "max_unavailable": 0,
                    "strategy": "SURGE"
                  }
                ],
                "version": "1.27.8-gke.1067004"
              }
            ],
            "node_pool_auto_config": [],
            "node_pool_defaults": [
              {
                "node_config_defaults": [
                  {
                    "logging_variant": "DEFAULT"
                  }
                ]
              }
            ],
            "node_version": "1.27.8-gke.1067004",
            "notification_config": [
              {
                "pubsub": [
                  {
                    "enabled": false,
                    "filter": [],
                    "topic": ""
                  }
                ]
              }
            ],
            "operation": null,
            "private_cluster_config": [
              {
                "enable_private_endpoint": false,
                "enable_private_nodes": false,
                "master_global_access_config": [
                  {
                    "enabled": false
                  }
                ],
                "master_ipv4_cidr_block": "",
                "peering_name": "",
                "private_endpoint": "10.128.0.54",
                "private_endpoint_subnetwork": "",
                "public_endpoint": "23.236.58.243"
              }
            ],
            "private_ipv6_google_access": "",
            "project": "terraform-poc-project-413503",
            "release_channel": [
              {
                "channel": "REGULAR"
              }
            ],
            "remove_default_node_pool": null,
            "resource_labels": {
              "app": "test"
            },
            "resource_usage_export_config": [],
            "security_posture_config": [
              {
                "mode": "BASIC",
                "vulnerability_mode": "VULNERABILITY_MODE_UNSPECIFIED"
              }
            ],
            "self_link": "https://container.googleapis.com/v1/projects/terraform-poc-project-413503/zones/us-central1-a/clusters/test-cluster",
            "service_external_ips_config": [
              {
                "enabled": false
              }
            ],
            "services_ipv4_cidr": "10.12.0.0/20",
            "subnetwork": "projects/terraform-poc-project-413503/regions/us-central1/subnetworks/default",
            "timeouts": null,
            "tpu_ipv4_cidr_block": "",
            "vertical_pod_autoscaling": [],
            "workload_identity_config": []
          },
          "sensitive_attributes": [],
          "private": "eyJlMmJmYjczMC1lY2FhLTExZTYtOGY4OC0zNDM2M2JjN2M0YzAiOnsiY3JlYXRlIjoyNDAwMDAwMDAwMDAwLCJkZWxldGUiOjI0MDAwMDAwMDAwMDAsInJlYWQiOjI0MDAwMDAwMDAwMDAsInVwZGF0ZSI6MzYwMDAwMDAwMDAwMH0sInNjaGVtYV92ZXJzaW9uIjoiMiJ9"
        }
      ]
    }
  ],
  "check_results": null
}
